// !$*UTF8*$!
{
	archiveVersion = 1;
	classes = {
	};
	objectVersion = 60;
	objects = {

/* Begin PBXBuildFile section */
		6F1A8B7A2C43829E002F4F18 /* FastOrderViewController.swift in Sources */ = {isa = PBXBuildFile; fileRef = 6F1A8B792C43829E002F4F18 /* FastOrderViewController.swift */; };
		6F2665E92C3BB57700557816 /* SelectionBarView.swift in Sources */ = {isa = PBXBuildFile; fileRef = 6F2665E82C3BB57700557816 /* SelectionBarView.swift */; };
		6F49A3BC2C368CBF00DBD3D9 /* OptionalStocksTableViewCell.swift in Sources */ = {isa = PBXBuildFile; fileRef = 6F49A3BB2C368CBF00DBD3D9 /* OptionalStocksTableViewCell.swift */; };
		6F49A3BE2C3793F600DBD3D9 /* OptionalStocksCollectionViewCell.swift in Sources */ = {isa = PBXBuildFile; fileRef = 6F49A3BD2C3793F600DBD3D9 /* OptionalStocksCollectionViewCell.swift */; };
		6F49A3C02C37B02F00DBD3D9 /* StocksRankCollectionViewCell.swift in Sources */ = {isa = PBXBuildFile; fileRef = 6F49A3BF2C37B02F00DBD3D9 /* StocksRankCollectionViewCell.swift */; };
		6F49A3C22C37B2B200DBD3D9 /* StocksRankTableViewCell.swift in Sources */ = {isa = PBXBuildFile; fileRef = 6F49A3C12C37B2B200DBD3D9 /* StocksRankTableViewCell.swift */; };
		6F562D4D2C34D9870083ACE3 /* AppDelegate.swift in Sources */ = {isa = PBXBuildFile; fileRef = 6F562D4C2C34D9870083ACE3 /* AppDelegate.swift */; };
		6F562D4F2C34D9870083ACE3 /* SceneDelegate.swift in Sources */ = {isa = PBXBuildFile; fileRef = 6F562D4E2C34D9870083ACE3 /* SceneDelegate.swift */; };
		6F562D512C34D9870083ACE3 /* HomeViewController.swift in Sources */ = {isa = PBXBuildFile; fileRef = 6F562D502C34D9870083ACE3 /* HomeViewController.swift */; };
		6F562D572C34D9870083ACE3 /* NomikStockTW.xcdatamodeld in Sources */ = {isa = PBXBuildFile; fileRef = 6F562D552C34D9870083ACE3 /* NomikStockTW.xcdatamodeld */; };
		6F562D592C34D9880083ACE3 /* Assets.xcassets in Resources */ = {isa = PBXBuildFile; fileRef = 6F562D582C34D9880083ACE3 /* Assets.xcassets */; };
		6F562D5C2C34D9880083ACE3 /* Base in Resources */ = {isa = PBXBuildFile; fileRef = 6F562D5B2C34D9880083ACE3 /* Base */; };
		6F562D672C34D9890083ACE3 /* NomikStockTWTests.swift in Sources */ = {isa = PBXBuildFile; fileRef = 6F562D662C34D9890083ACE3 /* NomikStockTWTests.swift */; };
		6F562D712C34D9890083ACE3 /* NomikStockTWUITests.swift in Sources */ = {isa = PBXBuildFile; fileRef = 6F562D702C34D9890083ACE3 /* NomikStockTWUITests.swift */; };
		6F562D732C34D9890083ACE3 /* NomikStockTWUITestsLaunchTests.swift in Sources */ = {isa = PBXBuildFile; fileRef = 6F562D722C34D9890083ACE3 /* NomikStockTWUITestsLaunchTests.swift */; };
		6F562D882C34DBD20083ACE3 /* APIConstants.swift in Sources */ = {isa = PBXBuildFile; fileRef = 6F562D872C34DBD20083ACE3 /* APIConstants.swift */; };
		6F562D8A2C34DD9C0083ACE3 /* APIServiceManerger.swift in Sources */ = {isa = PBXBuildFile; fileRef = 6F562D892C34DD9C0083ACE3 /* APIServiceManerger.swift */; };
		6F562D8C2C34DE610083ACE3 /* TabbarViewController.swift in Sources */ = {isa = PBXBuildFile; fileRef = 6F562D8B2C34DE610083ACE3 /* TabbarViewController.swift */; };
		6F562D8E2C34DF080083ACE3 /* PortfolioViewController.swift in Sources */ = {isa = PBXBuildFile; fileRef = 6F562D8D2C34DF080083ACE3 /* PortfolioViewController.swift */; };
		6F562D932C34ED510083ACE3 /* ProfileViewController.swift in Sources */ = {isa = PBXBuildFile; fileRef = 6F562D922C34ED510083ACE3 /* ProfileViewController.swift */; };
		6F562D972C34EE680083ACE3 /* HistoryViewController.swift in Sources */ = {isa = PBXBuildFile; fileRef = 6F562D962C34EE680083ACE3 /* HistoryViewController.swift */; };
		6F562D992C34FA450083ACE3 /* HomeHeaderVIew.swift in Sources */ = {isa = PBXBuildFile; fileRef = 6F562D982C34FA450083ACE3 /* HomeHeaderVIew.swift */; };
		6F83AA702C4B780600BDC660 /* StartedViewController.swift in Sources */ = {isa = PBXBuildFile; fileRef = 6F83AA6F2C4B780600BDC660 /* StartedViewController.swift */; };
		6F83AA742C4B7D1B00BDC660 /* RegisterViewController.swift in Sources */ = {isa = PBXBuildFile; fileRef = 6F83AA732C4B7D1B00BDC660 /* RegisterViewController.swift */; };
		6F83AA762C4B9BCF00BDC660 /* LoginViewController.swift in Sources */ = {isa = PBXBuildFile; fileRef = 6F83AA752C4B9BCF00BDC660 /* LoginViewController.swift */; };
		6F9ACA052C3901D300283242 /* SnapshotRankModels.swift in Sources */ = {isa = PBXBuildFile; fileRef = 6F9ACA042C3901AB00283242 /* SnapshotRankModels.swift */; };
		6F9ACA072C39137200283242 /* StockFetchDatasViewModels.swift in Sources */ = {isa = PBXBuildFile; fileRef = 6F9ACA062C39134300283242 /* StockFetchDatasViewModels.swift */; };
		6F9ACA142C42554600283242 /* DGCharts in Frameworks */ = {isa = PBXBuildFile; productRef = 6F9ACA132C42554600283242 /* DGCharts */; };
		6FEB37FD2C3E7DE4007C03FE /* GoogleService-Info.plist in Resources */ = {isa = PBXBuildFile; fileRef = 6FEB37FC2C3E7DE4007C03FE /* GoogleService-Info.plist */; };
		6FEB38002C3E7E7B007C03FE /* FirebaseAnalytics in Frameworks */ = {isa = PBXBuildFile; productRef = 6FEB37FF2C3E7E7B007C03FE /* FirebaseAnalytics */; };
		6FEB38022C3E7E7B007C03FE /* FirebaseAnalyticsOnDeviceConversion in Frameworks */ = {isa = PBXBuildFile; productRef = 6FEB38012C3E7E7B007C03FE /* FirebaseAnalyticsOnDeviceConversion */; };
		6FEB38042C3E7E7B007C03FE /* FirebaseAnalyticsSwift in Frameworks */ = {isa = PBXBuildFile; productRef = 6FEB38032C3E7E7B007C03FE /* FirebaseAnalyticsSwift */; };
		6FEB38062C3E7E7B007C03FE /* FirebaseAnalyticsWithoutAdIdSupport in Frameworks */ = {isa = PBXBuildFile; productRef = 6FEB38052C3E7E7B007C03FE /* FirebaseAnalyticsWithoutAdIdSupport */; };
		6FEB38082C3E7E7B007C03FE /* FirebaseAppCheck in Frameworks */ = {isa = PBXBuildFile; productRef = 6FEB38072C3E7E7B007C03FE /* FirebaseAppCheck */; };
		6FEB380A2C3E7E7B007C03FE /* FirebaseAppDistribution-Beta in Frameworks */ = {isa = PBXBuildFile; productRef = 6FEB38092C3E7E7B007C03FE /* FirebaseAppDistribution-Beta */; };
		6FEB380C2C3E7E7B007C03FE /* FirebaseAuth in Frameworks */ = {isa = PBXBuildFile; productRef = 6FEB380B2C3E7E7B007C03FE /* FirebaseAuth */; };
		6FEB380E2C3E7E7B007C03FE /* FirebaseAuthCombine-Community in Frameworks */ = {isa = PBXBuildFile; productRef = 6FEB380D2C3E7E7B007C03FE /* FirebaseAuthCombine-Community */; };
		6FEB38102C3E7E7B007C03FE /* FirebaseCrashlytics in Frameworks */ = {isa = PBXBuildFile; productRef = 6FEB380F2C3E7E7B007C03FE /* FirebaseCrashlytics */; };
		6FEB38122C3E7E7B007C03FE /* FirebaseDatabase in Frameworks */ = {isa = PBXBuildFile; productRef = 6FEB38112C3E7E7B007C03FE /* FirebaseDatabase */; };
		6FEB38142C3E7E7B007C03FE /* FirebaseDatabaseSwift in Frameworks */ = {isa = PBXBuildFile; productRef = 6FEB38132C3E7E7B007C03FE /* FirebaseDatabaseSwift */; };
		6FEB38162C3E7E7B007C03FE /* FirebaseDynamicLinks in Frameworks */ = {isa = PBXBuildFile; productRef = 6FEB38152C3E7E7B007C03FE /* FirebaseDynamicLinks */; };
		6FEB38182C3E7E7B007C03FE /* FirebaseFirestore in Frameworks */ = {isa = PBXBuildFile; productRef = 6FEB38172C3E7E7B007C03FE /* FirebaseFirestore */; };
		6FEB381A2C3E7E7B007C03FE /* FirebaseFirestoreCombine-Community in Frameworks */ = {isa = PBXBuildFile; productRef = 6FEB38192C3E7E7B007C03FE /* FirebaseFirestoreCombine-Community */; };
		6FEB381C2C3E7E7B007C03FE /* FirebaseFirestoreSwift in Frameworks */ = {isa = PBXBuildFile; productRef = 6FEB381B2C3E7E7B007C03FE /* FirebaseFirestoreSwift */; };
		6FEB381E2C3E7E7B007C03FE /* FirebaseFunctions in Frameworks */ = {isa = PBXBuildFile; productRef = 6FEB381D2C3E7E7B007C03FE /* FirebaseFunctions */; };
		6FEB38202C3E7E7B007C03FE /* FirebaseFunctionsCombine-Community in Frameworks */ = {isa = PBXBuildFile; productRef = 6FEB381F2C3E7E7B007C03FE /* FirebaseFunctionsCombine-Community */; };
		6FEB38222C3E7E7B007C03FE /* FirebaseInAppMessaging-Beta in Frameworks */ = {isa = PBXBuildFile; productRef = 6FEB38212C3E7E7B007C03FE /* FirebaseInAppMessaging-Beta */; };
		6FEB38242C3E7E7B007C03FE /* FirebaseInAppMessagingSwift-Beta in Frameworks */ = {isa = PBXBuildFile; productRef = 6FEB38232C3E7E7B007C03FE /* FirebaseInAppMessagingSwift-Beta */; };
		6FEB38262C3E7E7B007C03FE /* FirebaseInstallations in Frameworks */ = {isa = PBXBuildFile; productRef = 6FEB38252C3E7E7B007C03FE /* FirebaseInstallations */; };
		6FEB38282C3E7E7B007C03FE /* FirebaseMLModelDownloader in Frameworks */ = {isa = PBXBuildFile; productRef = 6FEB38272C3E7E7B007C03FE /* FirebaseMLModelDownloader */; };
		6FEB382A2C3E7E7B007C03FE /* FirebaseMessaging in Frameworks */ = {isa = PBXBuildFile; productRef = 6FEB38292C3E7E7B007C03FE /* FirebaseMessaging */; };
		6FEB382C2C3E7E7B007C03FE /* FirebasePerformance in Frameworks */ = {isa = PBXBuildFile; productRef = 6FEB382B2C3E7E7B007C03FE /* FirebasePerformance */; };
		6FEB382E2C3E7E7B007C03FE /* FirebaseRemoteConfig in Frameworks */ = {isa = PBXBuildFile; productRef = 6FEB382D2C3E7E7B007C03FE /* FirebaseRemoteConfig */; };
		6FEB38302C3E7E7B007C03FE /* FirebaseRemoteConfigSwift in Frameworks */ = {isa = PBXBuildFile; productRef = 6FEB382F2C3E7E7B007C03FE /* FirebaseRemoteConfigSwift */; };
		6FEB38322C3E7E7B007C03FE /* FirebaseStorage in Frameworks */ = {isa = PBXBuildFile; productRef = 6FEB38312C3E7E7B007C03FE /* FirebaseStorage */; };
		6FEB38342C3E7E7B007C03FE /* FirebaseStorageCombine-Community in Frameworks */ = {isa = PBXBuildFile; productRef = 6FEB38332C3E7E7B007C03FE /* FirebaseStorageCombine-Community */; };
		6FEB38362C3E7E7B007C03FE /* FirebaseVertexAI-Preview in Frameworks */ = {isa = PBXBuildFile; productRef = 6FEB38352C3E7E7B007C03FE /* FirebaseVertexAI-Preview */; };
		6FFEDBF32C4662F30061669E /* IntradayQuoteModels.swift in Sources */ = {isa = PBXBuildFile; fileRef = 6FFEDBF22C4662F30061669E /* IntradayQuoteModels.swift */; };
		6FFEDBF52C48D3FB0061669E /* IntradayCandlesModels.swift in Sources */ = {isa = PBXBuildFile; fileRef = 6FFEDBF42C48D3EB0061669E /* IntradayCandlesModels.swift */; };
		6FFEDBF72C4A2DB10061669E /* buySellHalfViewController.swift in Sources */ = {isa = PBXBuildFile; fileRef = 6FFEDBF62C4A2DB10061669E /* buySellHalfViewController.swift */; };
/* End PBXBuildFile section */

/* Begin PBXContainerItemProxy section */
		6F562D632C34D9890083ACE3 /* PBXContainerItemProxy */ = {
			isa = PBXContainerItemProxy;
			containerPortal = 6F562D412C34D9870083ACE3 /* Project object */;
			proxyType = 1;
			remoteGlobalIDString = 6F562D482C34D9870083ACE3;
			remoteInfo = NomikStockTW;
		};
		6F562D6D2C34D9890083ACE3 /* PBXContainerItemProxy */ = {
			isa = PBXContainerItemProxy;
			containerPortal = 6F562D412C34D9870083ACE3 /* Project object */;
			proxyType = 1;
			remoteGlobalIDString = 6F562D482C34D9870083ACE3;
			remoteInfo = NomikStockTW;
		};
/* End PBXContainerItemProxy section */

/* Begin PBXCopyFilesBuildPhase section */
		6F9ACA112C42551700283242 /* Embed Frameworks */ = {
			isa = PBXCopyFilesBuildPhase;
			buildActionMask = 2147483647;
			dstPath = "";
			dstSubfolderSpec = 10;
			files = (
			);
			name = "Embed Frameworks";
			runOnlyForDeploymentPostprocessing = 0;
		};
/* End PBXCopyFilesBuildPhase section */

/* Begin PBXFileReference section */
		6F1A8B792C43829E002F4F18 /* FastOrderViewController.swift */ = {isa = PBXFileReference; lastKnownFileType = sourcecode.swift; path = FastOrderViewController.swift; sourceTree = "<group>"; };
		6F2665E82C3BB57700557816 /* SelectionBarView.swift */ = {isa = PBXFileReference; lastKnownFileType = sourcecode.swift; path = SelectionBarView.swift; sourceTree = "<group>"; };
		6F49A3BB2C368CBF00DBD3D9 /* OptionalStocksTableViewCell.swift */ = {isa = PBXFileReference; lastKnownFileType = sourcecode.swift; path = OptionalStocksTableViewCell.swift; sourceTree = "<group>"; };
		6F49A3BD2C3793F600DBD3D9 /* OptionalStocksCollectionViewCell.swift */ = {isa = PBXFileReference; lastKnownFileType = sourcecode.swift; path = OptionalStocksCollectionViewCell.swift; sourceTree = "<group>"; };
		6F49A3BF2C37B02F00DBD3D9 /* StocksRankCollectionViewCell.swift */ = {isa = PBXFileReference; lastKnownFileType = sourcecode.swift; path = StocksRankCollectionViewCell.swift; sourceTree = "<group>"; };
		6F49A3C12C37B2B200DBD3D9 /* StocksRankTableViewCell.swift */ = {isa = PBXFileReference; lastKnownFileType = sourcecode.swift; path = StocksRankTableViewCell.swift; sourceTree = "<group>"; };
		6F562D492C34D9870083ACE3 /* NomikStockTW.app */ = {isa = PBXFileReference; explicitFileType = wrapper.application; includeInIndex = 0; path = NomikStockTW.app; sourceTree = BUILT_PRODUCTS_DIR; };
		6F562D4C2C34D9870083ACE3 /* AppDelegate.swift */ = {isa = PBXFileReference; lastKnownFileType = sourcecode.swift; path = AppDelegate.swift; sourceTree = "<group>"; };
		6F562D4E2C34D9870083ACE3 /* SceneDelegate.swift */ = {isa = PBXFileReference; lastKnownFileType = sourcecode.swift; path = SceneDelegate.swift; sourceTree = "<group>"; };
		6F562D502C34D9870083ACE3 /* HomeViewController.swift */ = {isa = PBXFileReference; lastKnownFileType = sourcecode.swift; path = HomeViewController.swift; sourceTree = "<group>"; };
		6F562D562C34D9870083ACE3 /* NomikStockTW.xcdatamodel */ = {isa = PBXFileReference; lastKnownFileType = wrapper.xcdatamodel; path = NomikStockTW.xcdatamodel; sourceTree = "<group>"; };
		6F562D582C34D9880083ACE3 /* Assets.xcassets */ = {isa = PBXFileReference; lastKnownFileType = folder.assetcatalog; path = Assets.xcassets; sourceTree = "<group>"; };
		6F562D5B2C34D9880083ACE3 /* Base */ = {isa = PBXFileReference; lastKnownFileType = file.storyboard; name = Base; path = Base.lproj/LaunchScreen.storyboard; sourceTree = "<group>"; };
		6F562D5D2C34D9880083ACE3 /* Info.plist */ = {isa = PBXFileReference; lastKnownFileType = text.plist.xml; path = Info.plist; sourceTree = "<group>"; };
		6F562D622C34D9890083ACE3 /* NomikStockTWTests.xctest */ = {isa = PBXFileReference; explicitFileType = wrapper.cfbundle; includeInIndex = 0; path = NomikStockTWTests.xctest; sourceTree = BUILT_PRODUCTS_DIR; };
		6F562D662C34D9890083ACE3 /* NomikStockTWTests.swift */ = {isa = PBXFileReference; lastKnownFileType = sourcecode.swift; path = NomikStockTWTests.swift; sourceTree = "<group>"; };
		6F562D6C2C34D9890083ACE3 /* NomikStockTWUITests.xctest */ = {isa = PBXFileReference; explicitFileType = wrapper.cfbundle; includeInIndex = 0; path = NomikStockTWUITests.xctest; sourceTree = BUILT_PRODUCTS_DIR; };
		6F562D702C34D9890083ACE3 /* NomikStockTWUITests.swift */ = {isa = PBXFileReference; lastKnownFileType = sourcecode.swift; path = NomikStockTWUITests.swift; sourceTree = "<group>"; };
		6F562D722C34D9890083ACE3 /* NomikStockTWUITestsLaunchTests.swift */ = {isa = PBXFileReference; lastKnownFileType = sourcecode.swift; path = NomikStockTWUITestsLaunchTests.swift; sourceTree = "<group>"; };
		6F562D872C34DBD20083ACE3 /* APIConstants.swift */ = {isa = PBXFileReference; lastKnownFileType = sourcecode.swift; path = APIConstants.swift; sourceTree = "<group>"; };
		6F562D892C34DD9C0083ACE3 /* APIServiceManerger.swift */ = {isa = PBXFileReference; lastKnownFileType = sourcecode.swift; path = APIServiceManerger.swift; sourceTree = "<group>"; };
		6F562D8B2C34DE610083ACE3 /* TabbarViewController.swift */ = {isa = PBXFileReference; lastKnownFileType = sourcecode.swift; path = TabbarViewController.swift; sourceTree = "<group>"; };
		6F562D8D2C34DF080083ACE3 /* PortfolioViewController.swift */ = {isa = PBXFileReference; lastKnownFileType = sourcecode.swift; path = PortfolioViewController.swift; sourceTree = "<group>"; };
		6F562D922C34ED510083ACE3 /* ProfileViewController.swift */ = {isa = PBXFileReference; lastKnownFileType = sourcecode.swift; path = ProfileViewController.swift; sourceTree = "<group>"; };
		6F562D962C34EE680083ACE3 /* HistoryViewController.swift */ = {isa = PBXFileReference; lastKnownFileType = sourcecode.swift; path = HistoryViewController.swift; sourceTree = "<group>"; };
		6F562D982C34FA450083ACE3 /* HomeHeaderVIew.swift */ = {isa = PBXFileReference; lastKnownFileType = sourcecode.swift; path = HomeHeaderVIew.swift; sourceTree = "<group>"; };
		6F83AA6F2C4B780600BDC660 /* StartedViewController.swift */ = {isa = PBXFileReference; lastKnownFileType = sourcecode.swift; path = StartedViewController.swift; sourceTree = "<group>"; };
		6F83AA732C4B7D1B00BDC660 /* RegisterViewController.swift */ = {isa = PBXFileReference; lastKnownFileType = sourcecode.swift; path = RegisterViewController.swift; sourceTree = "<group>"; };
		6F83AA752C4B9BCF00BDC660 /* LoginViewController.swift */ = {isa = PBXFileReference; lastKnownFileType = sourcecode.swift; path = LoginViewController.swift; sourceTree = "<group>"; };
		6F9ACA042C3901AB00283242 /* SnapshotRankModels.swift */ = {isa = PBXFileReference; lastKnownFileType = sourcecode.swift; path = SnapshotRankModels.swift; sourceTree = "<group>"; };
		6F9ACA062C39134300283242 /* StockFetchDatasViewModels.swift */ = {isa = PBXFileReference; lastKnownFileType = sourcecode.swift; path = StockFetchDatasViewModels.swift; sourceTree = "<group>"; };
		6FEB37FC2C3E7DE4007C03FE /* GoogleService-Info.plist */ = {isa = PBXFileReference; lastKnownFileType = text.plist.xml; path = "GoogleService-Info.plist"; sourceTree = "<group>"; };
		6FFEDBF22C4662F30061669E /* IntradayQuoteModels.swift */ = {isa = PBXFileReference; lastKnownFileType = sourcecode.swift; path = IntradayQuoteModels.swift; sourceTree = "<group>"; };
		6FFEDBF42C48D3EB0061669E /* IntradayCandlesModels.swift */ = {isa = PBXFileReference; lastKnownFileType = sourcecode.swift; path = IntradayCandlesModels.swift; sourceTree = "<group>"; };
		6FFEDBF62C4A2DB10061669E /* buySellHalfViewController.swift */ = {isa = PBXFileReference; lastKnownFileType = sourcecode.swift; path = buySellHalfViewController.swift; sourceTree = "<group>"; };
/* End PBXFileReference section */

/* Begin PBXFrameworksBuildPhase section */
		6F562D462C34D9870083ACE3 /* Frameworks */ = {
			isa = PBXFrameworksBuildPhase;
			buildActionMask = 2147483647;
			files = (
				6FEB38122C3E7E7B007C03FE /* FirebaseDatabase in Frameworks */,
				6F9ACA142C42554600283242 /* DGCharts in Frameworks */,
				6FEB38202C3E7E7B007C03FE /* FirebaseFunctionsCombine-Community in Frameworks */,
				6FEB38182C3E7E7B007C03FE /* FirebaseFirestore in Frameworks */,
				6FEB38042C3E7E7B007C03FE /* FirebaseAnalyticsSwift in Frameworks */,
				6FEB38002C3E7E7B007C03FE /* FirebaseAnalytics in Frameworks */,
				6FEB38022C3E7E7B007C03FE /* FirebaseAnalyticsOnDeviceConversion in Frameworks */,
				6FEB38282C3E7E7B007C03FE /* FirebaseMLModelDownloader in Frameworks */,
				6FEB381C2C3E7E7B007C03FE /* FirebaseFirestoreSwift in Frameworks */,
				6FEB38082C3E7E7B007C03FE /* FirebaseAppCheck in Frameworks */,
				6FEB38062C3E7E7B007C03FE /* FirebaseAnalyticsWithoutAdIdSupport in Frameworks */,
				6FEB380C2C3E7E7B007C03FE /* FirebaseAuth in Frameworks */,
				6FEB38102C3E7E7B007C03FE /* FirebaseCrashlytics in Frameworks */,
				6FEB38302C3E7E7B007C03FE /* FirebaseRemoteConfigSwift in Frameworks */,
				6FEB38222C3E7E7B007C03FE /* FirebaseInAppMessaging-Beta in Frameworks */,
				6FEB38142C3E7E7B007C03FE /* FirebaseDatabaseSwift in Frameworks */,
				6FEB381E2C3E7E7B007C03FE /* FirebaseFunctions in Frameworks */,
				6FEB38342C3E7E7B007C03FE /* FirebaseStorageCombine-Community in Frameworks */,
				6FEB382E2C3E7E7B007C03FE /* FirebaseRemoteConfig in Frameworks */,
				6FEB380A2C3E7E7B007C03FE /* FirebaseAppDistribution-Beta in Frameworks */,
				6FEB380E2C3E7E7B007C03FE /* FirebaseAuthCombine-Community in Frameworks */,
				6FEB382C2C3E7E7B007C03FE /* FirebasePerformance in Frameworks */,
				6FEB38242C3E7E7B007C03FE /* FirebaseInAppMessagingSwift-Beta in Frameworks */,
				6FEB38322C3E7E7B007C03FE /* FirebaseStorage in Frameworks */,
				6FEB38162C3E7E7B007C03FE /* FirebaseDynamicLinks in Frameworks */,
				6FEB38362C3E7E7B007C03FE /* FirebaseVertexAI-Preview in Frameworks */,
				6FEB381A2C3E7E7B007C03FE /* FirebaseFirestoreCombine-Community in Frameworks */,
				6FEB382A2C3E7E7B007C03FE /* FirebaseMessaging in Frameworks */,
				6FEB38262C3E7E7B007C03FE /* FirebaseInstallations in Frameworks */,
			);
			runOnlyForDeploymentPostprocessing = 0;
		};
		6F562D5F2C34D9890083ACE3 /* Frameworks */ = {
			isa = PBXFrameworksBuildPhase;
			buildActionMask = 2147483647;
			files = (
			);
			runOnlyForDeploymentPostprocessing = 0;
		};
		6F562D692C34D9890083ACE3 /* Frameworks */ = {
			isa = PBXFrameworksBuildPhase;
			buildActionMask = 2147483647;
			files = (
			);
			runOnlyForDeploymentPostprocessing = 0;
		};
/* End PBXFrameworksBuildPhase section */

/* Begin PBXGroup section */
		6F562D402C34D9870083ACE3 = {
			isa = PBXGroup;
			children = (
				6F562D4B2C34D9870083ACE3 /* NomikStockTW */,
				6F562D652C34D9890083ACE3 /* NomikStockTWTests */,
				6F562D6F2C34D9890083ACE3 /* NomikStockTWUITests */,
				6F562D4A2C34D9870083ACE3 /* Products */,
			);
			sourceTree = "<group>";
		};
		6F562D4A2C34D9870083ACE3 /* Products */ = {
			isa = PBXGroup;
			children = (
				6F562D492C34D9870083ACE3 /* NomikStockTW.app */,
				6F562D622C34D9890083ACE3 /* NomikStockTWTests.xctest */,
				6F562D6C2C34D9890083ACE3 /* NomikStockTWUITests.xctest */,
			);
			name = Products;
			sourceTree = "<group>";
		};
		6F562D4B2C34D9870083ACE3 /* NomikStockTW */ = {
			isa = PBXGroup;
			children = (
				6F562D7F2C34DA790083ACE3 /* Resources */,
				6F562D842C34DAFD0083ACE3 /* Networking */,
				6F562D832C34DAEB0083ACE3 /* ViewModels */,
				6F562D812C34DAD90083ACE3 /* Models */,
				6F562D822C34DAE50083ACE3 /* Views */,
				6F562D802C34DAA50083ACE3 /* Controllers */,
				6F562D5D2C34D9880083ACE3 /* Info.plist */,
				6FEB37FC2C3E7DE4007C03FE /* GoogleService-Info.plist */,
				6F562D552C34D9870083ACE3 /* NomikStockTW.xcdatamodeld */,
			);
			path = NomikStockTW;
			sourceTree = "<group>";
		};
		6F562D652C34D9890083ACE3 /* NomikStockTWTests */ = {
			isa = PBXGroup;
			children = (
				6F562D662C34D9890083ACE3 /* NomikStockTWTests.swift */,
			);
			path = NomikStockTWTests;
			sourceTree = "<group>";
		};
		6F562D6F2C34D9890083ACE3 /* NomikStockTWUITests */ = {
			isa = PBXGroup;
			children = (
				6F562D702C34D9890083ACE3 /* NomikStockTWUITests.swift */,
				6F562D722C34D9890083ACE3 /* NomikStockTWUITestsLaunchTests.swift */,
			);
			path = NomikStockTWUITests;
			sourceTree = "<group>";
		};
		6F562D7F2C34DA790083ACE3 /* Resources */ = {
			isa = PBXGroup;
			children = (
				6F562D4C2C34D9870083ACE3 /* AppDelegate.swift */,
				6F562D4E2C34D9870083ACE3 /* SceneDelegate.swift */,
				6F562D582C34D9880083ACE3 /* Assets.xcassets */,
				6F562D5A2C34D9880083ACE3 /* LaunchScreen.storyboard */,
			);
			path = Resources;
			sourceTree = "<group>";
		};
		6F562D802C34DAA50083ACE3 /* Controllers */ = {
			isa = PBXGroup;
			children = (
				6F9ACA082C422A5B00283242 /* Support */,
				6F562D902C34E1AB0083ACE3 /* Onboarding */,
				6F562D8F2C34E1940083ACE3 /* Core */,
			);
			path = Controllers;
			sourceTree = "<group>";
		};
		6F562D812C34DAD90083ACE3 /* Models */ = {
			isa = PBXGroup;
			children = (
				6F9ACA042C3901AB00283242 /* SnapshotRankModels.swift */,
				6FFEDBF22C4662F30061669E /* IntradayQuoteModels.swift */,
				6FFEDBF42C48D3EB0061669E /* IntradayCandlesModels.swift */,
			);
			path = Models;
			sourceTree = "<group>";
		};
		6F562D822C34DAE50083ACE3 /* Views */ = {
			isa = PBXGroup;
			children = (
				6F562D982C34FA450083ACE3 /* HomeHeaderVIew.swift */,
				6F2665E82C3BB57700557816 /* SelectionBarView.swift */,
				6F49A3BB2C368CBF00DBD3D9 /* OptionalStocksTableViewCell.swift */,
				6F49A3C12C37B2B200DBD3D9 /* StocksRankTableViewCell.swift */,
				6F49A3BF2C37B02F00DBD3D9 /* StocksRankCollectionViewCell.swift */,
				6F49A3BD2C3793F600DBD3D9 /* OptionalStocksCollectionViewCell.swift */,
			);
			path = Views;
			sourceTree = "<group>";
		};
		6F562D832C34DAEB0083ACE3 /* ViewModels */ = {
			isa = PBXGroup;
			children = (
				6F9ACA062C39134300283242 /* StockFetchDatasViewModels.swift */,
			);
			path = ViewModels;
			sourceTree = "<group>";
		};
		6F562D842C34DAFD0083ACE3 /* Networking */ = {
			isa = PBXGroup;
			children = (
				6F562D872C34DBD20083ACE3 /* APIConstants.swift */,
				6F562D892C34DD9C0083ACE3 /* APIServiceManerger.swift */,
			);
			path = Networking;
			sourceTree = "<group>";
		};
		6F562D8F2C34E1940083ACE3 /* Core */ = {
			isa = PBXGroup;
			children = (
				6F562D8B2C34DE610083ACE3 /* TabbarViewController.swift */,
				6F562D502C34D9870083ACE3 /* HomeViewController.swift */,
				6F562D8D2C34DF080083ACE3 /* PortfolioViewController.swift */,
				6F1A8B792C43829E002F4F18 /* FastOrderViewController.swift */,
				6F562D962C34EE680083ACE3 /* HistoryViewController.swift */,
				6F562D922C34ED510083ACE3 /* ProfileViewController.swift */,
			);
			path = Core;
			sourceTree = "<group>";
		};
		6F562D902C34E1AB0083ACE3 /* Onboarding */ = {
			isa = PBXGroup;
			children = (
				6F83AA6F2C4B780600BDC660 /* StartedViewController.swift */,
				6F83AA732C4B7D1B00BDC660 /* RegisterViewController.swift */,
				6F83AA752C4B9BCF00BDC660 /* LoginViewController.swift */,
			);
			path = Onboarding;
			sourceTree = "<group>";
		};
		6F9ACA082C422A5B00283242 /* Support */ = {
			isa = PBXGroup;
			children = (
				6FFEDBF62C4A2DB10061669E /* buySellHalfViewController.swift */,
			);
			path = Support;
			sourceTree = "<group>";
		};
/* End PBXGroup section */

/* Begin PBXNativeTarget section */
		6F562D482C34D9870083ACE3 /* NomikStockTW */ = {
			isa = PBXNativeTarget;
			buildConfigurationList = 6F562D762C34D9890083ACE3 /* Build configuration list for PBXNativeTarget "NomikStockTW" */;
			buildPhases = (
				6F562D452C34D9870083ACE3 /* Sources */,
				6F562D462C34D9870083ACE3 /* Frameworks */,
				6F562D472C34D9870083ACE3 /* Resources */,
				6F9ACA112C42551700283242 /* Embed Frameworks */,
			);
			buildRules = (
			);
			dependencies = (
			);
			name = NomikStockTW;
			packageProductDependencies = (
				6FEB37FF2C3E7E7B007C03FE /* FirebaseAnalytics */,
				6FEB38012C3E7E7B007C03FE /* FirebaseAnalyticsOnDeviceConversion */,
				6FEB38032C3E7E7B007C03FE /* FirebaseAnalyticsSwift */,
				6FEB38052C3E7E7B007C03FE /* FirebaseAnalyticsWithoutAdIdSupport */,
				6FEB38072C3E7E7B007C03FE /* FirebaseAppCheck */,
				6FEB38092C3E7E7B007C03FE /* FirebaseAppDistribution-Beta */,
				6FEB380B2C3E7E7B007C03FE /* FirebaseAuth */,
				6FEB380D2C3E7E7B007C03FE /* FirebaseAuthCombine-Community */,
				6FEB380F2C3E7E7B007C03FE /* FirebaseCrashlytics */,
				6FEB38112C3E7E7B007C03FE /* FirebaseDatabase */,
				6FEB38132C3E7E7B007C03FE /* FirebaseDatabaseSwift */,
				6FEB38152C3E7E7B007C03FE /* FirebaseDynamicLinks */,
				6FEB38172C3E7E7B007C03FE /* FirebaseFirestore */,
				6FEB38192C3E7E7B007C03FE /* FirebaseFirestoreCombine-Community */,
				6FEB381B2C3E7E7B007C03FE /* FirebaseFirestoreSwift */,
				6FEB381D2C3E7E7B007C03FE /* FirebaseFunctions */,
				6FEB381F2C3E7E7B007C03FE /* FirebaseFunctionsCombine-Community */,
				6FEB38212C3E7E7B007C03FE /* FirebaseInAppMessaging-Beta */,
				6FEB38232C3E7E7B007C03FE /* FirebaseInAppMessagingSwift-Beta */,
				6FEB38252C3E7E7B007C03FE /* FirebaseInstallations */,
				6FEB38272C3E7E7B007C03FE /* FirebaseMLModelDownloader */,
				6FEB38292C3E7E7B007C03FE /* FirebaseMessaging */,
				6FEB382B2C3E7E7B007C03FE /* FirebasePerformance */,
				6FEB382D2C3E7E7B007C03FE /* FirebaseRemoteConfig */,
				6FEB382F2C3E7E7B007C03FE /* FirebaseRemoteConfigSwift */,
				6FEB38312C3E7E7B007C03FE /* FirebaseStorage */,
				6FEB38332C3E7E7B007C03FE /* FirebaseStorageCombine-Community */,
				6FEB38352C3E7E7B007C03FE /* FirebaseVertexAI-Preview */,
				6F9ACA132C42554600283242 /* DGCharts */,
			);
			productName = NomikStockTW;
			productReference = 6F562D492C34D9870083ACE3 /* NomikStockTW.app */;
			productType = "com.apple.product-type.application";
		};
		6F562D612C34D9890083ACE3 /* NomikStockTWTests */ = {
			isa = PBXNativeTarget;
			buildConfigurationList = 6F562D792C34D9890083ACE3 /* Build configuration list for PBXNativeTarget "NomikStockTWTests" */;
			buildPhases = (
				6F562D5E2C34D9890083ACE3 /* Sources */,
				6F562D5F2C34D9890083ACE3 /* Frameworks */,
				6F562D602C34D9890083ACE3 /* Resources */,
			);
			buildRules = (
			);
			dependencies = (
				6F562D642C34D9890083ACE3 /* PBXTargetDependency */,
			);
			name = NomikStockTWTests;
			productName = NomikStockTWTests;
			productReference = 6F562D622C34D9890083ACE3 /* NomikStockTWTests.xctest */;
			productType = "com.apple.product-type.bundle.unit-test";
		};
		6F562D6B2C34D9890083ACE3 /* NomikStockTWUITests */ = {
			isa = PBXNativeTarget;
			buildConfigurationList = 6F562D7C2C34D9890083ACE3 /* Build configuration list for PBXNativeTarget "NomikStockTWUITests" */;
			buildPhases = (
				6F562D682C34D9890083ACE3 /* Sources */,
				6F562D692C34D9890083ACE3 /* Frameworks */,
				6F562D6A2C34D9890083ACE3 /* Resources */,
			);
			buildRules = (
			);
			dependencies = (
				6F562D6E2C34D9890083ACE3 /* PBXTargetDependency */,
			);
			name = NomikStockTWUITests;
			productName = NomikStockTWUITests;
			productReference = 6F562D6C2C34D9890083ACE3 /* NomikStockTWUITests.xctest */;
			productType = "com.apple.product-type.bundle.ui-testing";
		};
/* End PBXNativeTarget section */

/* Begin PBXProject section */
		6F562D412C34D9870083ACE3 /* Project object */ = {
			isa = PBXProject;
			attributes = {
				BuildIndependentTargetsInParallel = 1;
				LastSwiftUpdateCheck = 1600;
				LastUpgradeCheck = 1600;
				TargetAttributes = {
					6F562D482C34D9870083ACE3 = {
						CreatedOnToolsVersion = 16.0;
					};
					6F562D612C34D9890083ACE3 = {
						CreatedOnToolsVersion = 16.0;
						TestTargetID = 6F562D482C34D9870083ACE3;
					};
					6F562D6B2C34D9890083ACE3 = {
						CreatedOnToolsVersion = 16.0;
						TestTargetID = 6F562D482C34D9870083ACE3;
					};
				};
			};
			buildConfigurationList = 6F562D442C34D9870083ACE3 /* Build configuration list for PBXProject "NomikStockTW" */;
			compatibilityVersion = "Xcode 15.0";
			developmentRegion = en;
			hasScannedForEncodings = 0;
			knownRegions = (
				en,
				Base,
			);
			mainGroup = 6F562D402C34D9870083ACE3;
			packageReferences = (
				6FEB37FE2C3E7E7B007C03FE /* XCRemoteSwiftPackageReference "firebase-ios-sdk" */,
				6F9ACA122C42554600283242 /* XCRemoteSwiftPackageReference "Charts" */,
			);
			productRefGroup = 6F562D4A2C34D9870083ACE3 /* Products */;
			projectDirPath = "";
			projectRoot = "";
			targets = (
				6F562D482C34D9870083ACE3 /* NomikStockTW */,
				6F562D612C34D9890083ACE3 /* NomikStockTWTests */,
				6F562D6B2C34D9890083ACE3 /* NomikStockTWUITests */,
			);
		};
/* End PBXProject section */

/* Begin PBXResourcesBuildPhase section */
		6F562D472C34D9870083ACE3 /* Resources */ = {
			isa = PBXResourcesBuildPhase;
			buildActionMask = 2147483647;
			files = (
				6F562D592C34D9880083ACE3 /* Assets.xcassets in Resources */,
				6F562D5C2C34D9880083ACE3 /* Base in Resources */,
				6FEB37FD2C3E7DE4007C03FE /* GoogleService-Info.plist in Resources */,
			);
			runOnlyForDeploymentPostprocessing = 0;
		};
		6F562D602C34D9890083ACE3 /* Resources */ = {
			isa = PBXResourcesBuildPhase;
			buildActionMask = 2147483647;
			files = (
			);
			runOnlyForDeploymentPostprocessing = 0;
		};
		6F562D6A2C34D9890083ACE3 /* Resources */ = {
			isa = PBXResourcesBuildPhase;
			buildActionMask = 2147483647;
			files = (
			);
			runOnlyForDeploymentPostprocessing = 0;
		};
/* End PBXResourcesBuildPhase section */

/* Begin PBXSourcesBuildPhase section */
		6F562D452C34D9870083ACE3 /* Sources */ = {
			isa = PBXSourcesBuildPhase;
			buildActionMask = 2147483647;
			files = (
				6F562D512C34D9870083ACE3 /* HomeViewController.swift in Sources */,
				6F562D4D2C34D9870083ACE3 /* AppDelegate.swift in Sources */,
				6FFEDBF72C4A2DB10061669E /* buySellHalfViewController.swift in Sources */,
				6F83AA742C4B7D1B00BDC660 /* RegisterViewController.swift in Sources */,
				6F562D8C2C34DE610083ACE3 /* TabbarViewController.swift in Sources */,
				6F562D572C34D9870083ACE3 /* NomikStockTW.xcdatamodeld in Sources */,
				6F562D972C34EE680083ACE3 /* HistoryViewController.swift in Sources */,
				6F562D882C34DBD20083ACE3 /* APIConstants.swift in Sources */,
				6F2665E92C3BB57700557816 /* SelectionBarView.swift in Sources */,
				6F9ACA052C3901D300283242 /* SnapshotRankModels.swift in Sources */,
				6F1A8B7A2C43829E002F4F18 /* FastOrderViewController.swift in Sources */,
				6F562D8A2C34DD9C0083ACE3 /* APIServiceManerger.swift in Sources */,
				6FFEDBF32C4662F30061669E /* IntradayQuoteModels.swift in Sources */,
				6F83AA762C4B9BCF00BDC660 /* LoginViewController.swift in Sources */,
				6F562D992C34FA450083ACE3 /* HomeHeaderVIew.swift in Sources */,
				6F49A3BC2C368CBF00DBD3D9 /* OptionalStocksTableViewCell.swift in Sources */,
				6F49A3C02C37B02F00DBD3D9 /* StocksRankCollectionViewCell.swift in Sources */,
				6FFEDBF52C48D3FB0061669E /* IntradayCandlesModels.swift in Sources */,
				6F562D932C34ED510083ACE3 /* ProfileViewController.swift in Sources */,
				6F49A3C22C37B2B200DBD3D9 /* StocksRankTableViewCell.swift in Sources */,
				6F49A3BE2C3793F600DBD3D9 /* OptionalStocksCollectionViewCell.swift in Sources */,
				6F562D8E2C34DF080083ACE3 /* PortfolioViewController.swift in Sources */,
				6F9ACA072C39137200283242 /* StockFetchDatasViewModels.swift in Sources */,
				6F562D4F2C34D9870083ACE3 /* SceneDelegate.swift in Sources */,
				6F83AA702C4B780600BDC660 /* StartedViewController.swift in Sources */,
			);
			runOnlyForDeploymentPostprocessing = 0;
		};
		6F562D5E2C34D9890083ACE3 /* Sources */ = {
			isa = PBXSourcesBuildPhase;
			buildActionMask = 2147483647;
			files = (
				6F562D672C34D9890083ACE3 /* NomikStockTWTests.swift in Sources */,
			);
			runOnlyForDeploymentPostprocessing = 0;
		};
		6F562D682C34D9890083ACE3 /* Sources */ = {
			isa = PBXSourcesBuildPhase;
			buildActionMask = 2147483647;
			files = (
				6F562D712C34D9890083ACE3 /* NomikStockTWUITests.swift in Sources */,
				6F562D732C34D9890083ACE3 /* NomikStockTWUITestsLaunchTests.swift in Sources */,
			);
			runOnlyForDeploymentPostprocessing = 0;
		};
/* End PBXSourcesBuildPhase section */

/* Begin PBXTargetDependency section */
		6F562D642C34D9890083ACE3 /* PBXTargetDependency */ = {
			isa = PBXTargetDependency;
			target = 6F562D482C34D9870083ACE3 /* NomikStockTW */;
			targetProxy = 6F562D632C34D9890083ACE3 /* PBXContainerItemProxy */;
		};
		6F562D6E2C34D9890083ACE3 /* PBXTargetDependency */ = {
			isa = PBXTargetDependency;
			target = 6F562D482C34D9870083ACE3 /* NomikStockTW */;
			targetProxy = 6F562D6D2C34D9890083ACE3 /* PBXContainerItemProxy */;
		};
/* End PBXTargetDependency section */

/* Begin PBXVariantGroup section */
		6F562D5A2C34D9880083ACE3 /* LaunchScreen.storyboard */ = {
			isa = PBXVariantGroup;
			children = (
				6F562D5B2C34D9880083ACE3 /* Base */,
			);
			name = LaunchScreen.storyboard;
			sourceTree = "<group>";
		};
/* End PBXVariantGroup section */

/* Begin XCBuildConfiguration section */
		6F562D742C34D9890083ACE3 /* Debug */ = {
			isa = XCBuildConfiguration;
			buildSettings = {
				ALWAYS_SEARCH_USER_PATHS = NO;
				ASSETCATALOG_COMPILER_GENERATE_SWIFT_ASSET_SYMBOL_EXTENSIONS = YES;
				CLANG_ANALYZER_NONNULL = YES;
				CLANG_ANALYZER_NUMBER_OBJECT_CONVERSION = YES_AGGRESSIVE;
				CLANG_CXX_LANGUAGE_STANDARD = "gnu++20";
				CLANG_ENABLE_MODULES = YES;
				CLANG_ENABLE_OBJC_ARC = YES;
				CLANG_ENABLE_OBJC_WEAK = YES;
				CLANG_WARN_BLOCK_CAPTURE_AUTORELEASING = YES;
				CLANG_WARN_BOOL_CONVERSION = YES;
				CLANG_WARN_COMMA = YES;
				CLANG_WARN_CONSTANT_CONVERSION = YES;
				CLANG_WARN_DEPRECATED_OBJC_IMPLEMENTATIONS = YES;
				CLANG_WARN_DIRECT_OBJC_ISA_USAGE = YES_ERROR;
				CLANG_WARN_DOCUMENTATION_COMMENTS = YES;
				CLANG_WARN_EMPTY_BODY = YES;
				CLANG_WARN_ENUM_CONVERSION = YES;
				CLANG_WARN_INFINITE_RECURSION = YES;
				CLANG_WARN_INT_CONVERSION = YES;
				CLANG_WARN_NON_LITERAL_NULL_CONVERSION = YES;
				CLANG_WARN_OBJC_IMPLICIT_RETAIN_SELF = YES;
				CLANG_WARN_OBJC_LITERAL_CONVERSION = YES;
				CLANG_WARN_OBJC_ROOT_CLASS = YES_ERROR;
				CLANG_WARN_QUOTED_INCLUDE_IN_FRAMEWORK_HEADER = YES;
				CLANG_WARN_RANGE_LOOP_ANALYSIS = YES;
				CLANG_WARN_STRICT_PROTOTYPES = YES;
				CLANG_WARN_SUSPICIOUS_MOVE = YES;
				CLANG_WARN_UNGUARDED_AVAILABILITY = YES_AGGRESSIVE;
				CLANG_WARN_UNREACHABLE_CODE = YES;
				CLANG_WARN__DUPLICATE_METHOD_MATCH = YES;
				COPY_PHASE_STRIP = NO;
				DEBUG_INFORMATION_FORMAT = dwarf;
				ENABLE_STRICT_OBJC_MSGSEND = YES;
				ENABLE_TESTABILITY = YES;
				ENABLE_USER_SCRIPT_SANDBOXING = YES;
				GCC_C_LANGUAGE_STANDARD = gnu17;
				GCC_DYNAMIC_NO_PIC = NO;
				GCC_NO_COMMON_BLOCKS = YES;
				GCC_OPTIMIZATION_LEVEL = 0;
				GCC_PREPROCESSOR_DEFINITIONS = (
					"DEBUG=1",
					"$(inherited)",
				);
				GCC_WARN_64_TO_32_BIT_CONVERSION = YES;
				GCC_WARN_ABOUT_RETURN_TYPE = YES_ERROR;
				GCC_WARN_UNDECLARED_SELECTOR = YES;
				GCC_WARN_UNINITIALIZED_AUTOS = YES_AGGRESSIVE;
				GCC_WARN_UNUSED_FUNCTION = YES;
				GCC_WARN_UNUSED_VARIABLE = YES;
				IPHONEOS_DEPLOYMENT_TARGET = 18.0;
				LOCALIZATION_PREFERS_STRING_CATALOGS = YES;
				MTL_ENABLE_DEBUG_INFO = INCLUDE_SOURCE;
				MTL_FAST_MATH = YES;
				ONLY_ACTIVE_ARCH = YES;
				SDKROOT = iphoneos;
				SWIFT_ACTIVE_COMPILATION_CONDITIONS = "DEBUG $(inherited)";
				SWIFT_OPTIMIZATION_LEVEL = "-Onone";
			};
			name = Debug;
		};
		6F562D752C34D9890083ACE3 /* Release */ = {
			isa = XCBuildConfiguration;
			buildSettings = {
				ALWAYS_SEARCH_USER_PATHS = NO;
				ASSETCATALOG_COMPILER_GENERATE_SWIFT_ASSET_SYMBOL_EXTENSIONS = YES;
				CLANG_ANALYZER_NONNULL = YES;
				CLANG_ANALYZER_NUMBER_OBJECT_CONVERSION = YES_AGGRESSIVE;
				CLANG_CXX_LANGUAGE_STANDARD = "gnu++20";
				CLANG_ENABLE_MODULES = YES;
				CLANG_ENABLE_OBJC_ARC = YES;
				CLANG_ENABLE_OBJC_WEAK = YES;
				CLANG_WARN_BLOCK_CAPTURE_AUTORELEASING = YES;
				CLANG_WARN_BOOL_CONVERSION = YES;
				CLANG_WARN_COMMA = YES;
				CLANG_WARN_CONSTANT_CONVERSION = YES;
				CLANG_WARN_DEPRECATED_OBJC_IMPLEMENTATIONS = YES;
				CLANG_WARN_DIRECT_OBJC_ISA_USAGE = YES_ERROR;
				CLANG_WARN_DOCUMENTATION_COMMENTS = YES;
				CLANG_WARN_EMPTY_BODY = YES;
				CLANG_WARN_ENUM_CONVERSION = YES;
				CLANG_WARN_INFINITE_RECURSION = YES;
				CLANG_WARN_INT_CONVERSION = YES;
				CLANG_WARN_NON_LITERAL_NULL_CONVERSION = YES;
				CLANG_WARN_OBJC_IMPLICIT_RETAIN_SELF = YES;
				CLANG_WARN_OBJC_LITERAL_CONVERSION = YES;
				CLANG_WARN_OBJC_ROOT_CLASS = YES_ERROR;
				CLANG_WARN_QUOTED_INCLUDE_IN_FRAMEWORK_HEADER = YES;
				CLANG_WARN_RANGE_LOOP_ANALYSIS = YES;
				CLANG_WARN_STRICT_PROTOTYPES = YES;
				CLANG_WARN_SUSPICIOUS_MOVE = YES;
				CLANG_WARN_UNGUARDED_AVAILABILITY = YES_AGGRESSIVE;
				CLANG_WARN_UNREACHABLE_CODE = YES;
				CLANG_WARN__DUPLICATE_METHOD_MATCH = YES;
				COPY_PHASE_STRIP = NO;
				DEBUG_INFORMATION_FORMAT = "dwarf-with-dsym";
				ENABLE_NS_ASSERTIONS = NO;
				ENABLE_STRICT_OBJC_MSGSEND = YES;
				ENABLE_USER_SCRIPT_SANDBOXING = YES;
				GCC_C_LANGUAGE_STANDARD = gnu17;
				GCC_NO_COMMON_BLOCKS = YES;
				GCC_WARN_64_TO_32_BIT_CONVERSION = YES;
				GCC_WARN_ABOUT_RETURN_TYPE = YES_ERROR;
				GCC_WARN_UNDECLARED_SELECTOR = YES;
				GCC_WARN_UNINITIALIZED_AUTOS = YES_AGGRESSIVE;
				GCC_WARN_UNUSED_FUNCTION = YES;
				GCC_WARN_UNUSED_VARIABLE = YES;
				IPHONEOS_DEPLOYMENT_TARGET = 18.0;
				LOCALIZATION_PREFERS_STRING_CATALOGS = YES;
				MTL_ENABLE_DEBUG_INFO = NO;
				MTL_FAST_MATH = YES;
				SDKROOT = iphoneos;
				SWIFT_COMPILATION_MODE = wholemodule;
				VALIDATE_PRODUCT = YES;
			};
			name = Release;
		};
		6F562D772C34D9890083ACE3 /* Debug */ = {
			isa = XCBuildConfiguration;
			buildSettings = {
				ASSETCATALOG_COMPILER_APPICON_NAME = AppIcon;
				ASSETCATALOG_COMPILER_GLOBAL_ACCENT_COLOR_NAME = AccentColor;
				CODE_SIGN_STYLE = Automatic;
				CURRENT_PROJECT_VERSION = 1;
				DEVELOPMENT_TEAM = R47YA6WR5Y;
				GENERATE_INFOPLIST_FILE = YES;
				INFOPLIST_FILE = NomikStockTW/Info.plist;
				INFOPLIST_KEY_UIApplicationSupportsIndirectInputEvents = YES;
				INFOPLIST_KEY_UILaunchStoryboardName = LaunchScreen;
				INFOPLIST_KEY_UISupportedInterfaceOrientations = UIInterfaceOrientationPortrait;
				INFOPLIST_KEY_UISupportedInterfaceOrientations_iPad = "UIInterfaceOrientationPortrait UIInterfaceOrientationPortraitUpsideDown";
				LD_RUNPATH_SEARCH_PATHS = (
					"$(inherited)",
					"@executable_path/Frameworks",
				);
				MARKETING_VERSION = 1.0;
				PRODUCT_BUNDLE_IDENTIFIER = nomikPlan.NomikStockTW;
				PRODUCT_NAME = "$(TARGET_NAME)";
				SUPPORTED_PLATFORMS = "iphoneos iphonesimulator";
				SUPPORTS_MACCATALYST = NO;
				SUPPORTS_MAC_DESIGNED_FOR_IPHONE_IPAD = NO;
				SUPPORTS_XR_DESIGNED_FOR_IPHONE_IPAD = NO;
				SWIFT_EMIT_LOC_STRINGS = YES;
				SWIFT_VERSION = 5.0;
				TARGETED_DEVICE_FAMILY = "1,2";
			};
			name = Debug;
		};
		6F562D782C34D9890083ACE3 /* Release */ = {
			isa = XCBuildConfiguration;
			buildSettings = {
				ASSETCATALOG_COMPILER_APPICON_NAME = AppIcon;
				ASSETCATALOG_COMPILER_GLOBAL_ACCENT_COLOR_NAME = AccentColor;
				CODE_SIGN_STYLE = Automatic;
				CURRENT_PROJECT_VERSION = 1;
				DEVELOPMENT_TEAM = R47YA6WR5Y;
				GENERATE_INFOPLIST_FILE = YES;
				INFOPLIST_FILE = NomikStockTW/Info.plist;
				INFOPLIST_KEY_UIApplicationSupportsIndirectInputEvents = YES;
				INFOPLIST_KEY_UILaunchStoryboardName = LaunchScreen;
				INFOPLIST_KEY_UISupportedInterfaceOrientations = UIInterfaceOrientationPortrait;
				INFOPLIST_KEY_UISupportedInterfaceOrientations_iPad = "UIInterfaceOrientationPortrait UIInterfaceOrientationPortraitUpsideDown";
				LD_RUNPATH_SEARCH_PATHS = (
					"$(inherited)",
					"@executable_path/Frameworks",
				);
				MARKETING_VERSION = 1.0;
				PRODUCT_BUNDLE_IDENTIFIER = nomikPlan.NomikStockTW;
				PRODUCT_NAME = "$(TARGET_NAME)";
				SUPPORTED_PLATFORMS = "iphoneos iphonesimulator";
				SUPPORTS_MACCATALYST = NO;
				SUPPORTS_MAC_DESIGNED_FOR_IPHONE_IPAD = NO;
				SUPPORTS_XR_DESIGNED_FOR_IPHONE_IPAD = NO;
				SWIFT_EMIT_LOC_STRINGS = YES;
				SWIFT_VERSION = 5.0;
				TARGETED_DEVICE_FAMILY = "1,2";
			};
			name = Release;
		};
		6F562D7A2C34D9890083ACE3 /* Debug */ = {
			isa = XCBuildConfiguration;
			buildSettings = {
				BUNDLE_LOADER = "$(TEST_HOST)";
				CODE_SIGN_STYLE = Automatic;
				CURRENT_PROJECT_VERSION = 1;
				DEVELOPMENT_TEAM = R47YA6WR5Y;
				GENERATE_INFOPLIST_FILE = YES;
				IPHONEOS_DEPLOYMENT_TARGET = 18.0;
				MARKETING_VERSION = 1.0;
				PRODUCT_BUNDLE_IDENTIFIER = nomikPlan.NomikStockTWTests;
				PRODUCT_NAME = "$(TARGET_NAME)";
				SWIFT_EMIT_LOC_STRINGS = NO;
				SWIFT_VERSION = 5.0;
				TARGETED_DEVICE_FAMILY = "1,2";
				TEST_HOST = "$(BUILT_PRODUCTS_DIR)/NomikStockTW.app/$(BUNDLE_EXECUTABLE_FOLDER_PATH)/NomikStockTW";
			};
			name = Debug;
		};
		6F562D7B2C34D9890083ACE3 /* Release */ = {
			isa = XCBuildConfiguration;
			buildSettings = {
				BUNDLE_LOADER = "$(TEST_HOST)";
				CODE_SIGN_STYLE = Automatic;
				CURRENT_PROJECT_VERSION = 1;
				DEVELOPMENT_TEAM = R47YA6WR5Y;
				GENERATE_INFOPLIST_FILE = YES;
				IPHONEOS_DEPLOYMENT_TARGET = 18.0;
				MARKETING_VERSION = 1.0;
				PRODUCT_BUNDLE_IDENTIFIER = nomikPlan.NomikStockTWTests;
				PRODUCT_NAME = "$(TARGET_NAME)";
				SWIFT_EMIT_LOC_STRINGS = NO;
				SWIFT_VERSION = 5.0;
				TARGETED_DEVICE_FAMILY = "1,2";
				TEST_HOST = "$(BUILT_PRODUCTS_DIR)/NomikStockTW.app/$(BUNDLE_EXECUTABLE_FOLDER_PATH)/NomikStockTW";
			};
			name = Release;
		};
		6F562D7D2C34D9890083ACE3 /* Debug */ = {
			isa = XCBuildConfiguration;
			buildSettings = {
				CODE_SIGN_STYLE = Automatic;
				CURRENT_PROJECT_VERSION = 1;
				DEVELOPMENT_TEAM = R47YA6WR5Y;
				GENERATE_INFOPLIST_FILE = YES;
				MARKETING_VERSION = 1.0;
				PRODUCT_BUNDLE_IDENTIFIER = nomikPlan.NomikStockTWUITests;
				PRODUCT_NAME = "$(TARGET_NAME)";
				SWIFT_EMIT_LOC_STRINGS = NO;
				SWIFT_VERSION = 5.0;
				TARGETED_DEVICE_FAMILY = "1,2";
				TEST_TARGET_NAME = NomikStockTW;
			};
			name = Debug;
		};
		6F562D7E2C34D9890083ACE3 /* Release */ = {
			isa = XCBuildConfiguration;
			buildSettings = {
				CODE_SIGN_STYLE = Automatic;
				CURRENT_PROJECT_VERSION = 1;
				DEVELOPMENT_TEAM = R47YA6WR5Y;
				GENERATE_INFOPLIST_FILE = YES;
				MARKETING_VERSION = 1.0;
				PRODUCT_BUNDLE_IDENTIFIER = nomikPlan.NomikStockTWUITests;
				PRODUCT_NAME = "$(TARGET_NAME)";
				SWIFT_EMIT_LOC_STRINGS = NO;
				SWIFT_VERSION = 5.0;
				TARGETED_DEVICE_FAMILY = "1,2";
				TEST_TARGET_NAME = NomikStockTW;
			};
			name = Release;
		};
/* End XCBuildConfiguration section */

/* Begin XCConfigurationList section */
		6F562D442C34D9870083ACE3 /* Build configuration list for PBXProject "NomikStockTW" */ = {
			isa = XCConfigurationList;
			buildConfigurations = (
				6F562D742C34D9890083ACE3 /* Debug */,
				6F562D752C34D9890083ACE3 /* Release */,
			);
			defaultConfigurationIsVisible = 0;
			defaultConfigurationName = Release;
		};
		6F562D762C34D9890083ACE3 /* Build configuration list for PBXNativeTarget "NomikStockTW" */ = {
			isa = XCConfigurationList;
			buildConfigurations = (
				6F562D772C34D9890083ACE3 /* Debug */,
				6F562D782C34D9890083ACE3 /* Release */,
			);
			defaultConfigurationIsVisible = 0;
			defaultConfigurationName = Release;
		};
		6F562D792C34D9890083ACE3 /* Build configuration list for PBXNativeTarget "NomikStockTWTests" */ = {
			isa = XCConfigurationList;
			buildConfigurations = (
				6F562D7A2C34D9890083ACE3 /* Debug */,
				6F562D7B2C34D9890083ACE3 /* Release */,
			);
			defaultConfigurationIsVisible = 0;
			defaultConfigurationName = Release;
		};
		6F562D7C2C34D9890083ACE3 /* Build configuration list for PBXNativeTarget "NomikStockTWUITests" */ = {
			isa = XCConfigurationList;
			buildConfigurations = (
				6F562D7D2C34D9890083ACE3 /* Debug */,
				6F562D7E2C34D9890083ACE3 /* Release */,
			);
			defaultConfigurationIsVisible = 0;
			defaultConfigurationName = Release;
		};
/* End XCConfigurationList section */

/* Begin XCRemoteSwiftPackageReference section */
		6F9ACA122C42554600283242 /* XCRemoteSwiftPackageReference "Charts" */ = {
			isa = XCRemoteSwiftPackageReference;
			repositoryURL = "https://github.com/ChartsOrg/Charts.git";
			requirement = {
				kind = upToNextMinorVersion;
				minimumVersion = 5.1.0;
			};
		};
		6FEB37FE2C3E7E7B007C03FE /* XCRemoteSwiftPackageReference "firebase-ios-sdk" */ = {
			isa = XCRemoteSwiftPackageReference;
			repositoryURL = "https://github.com/firebase/firebase-ios-sdk";
			requirement = {
				kind = upToNextMinorVersion;
				minimumVersion = 10.29.0;
			};
		};
/* End XCRemoteSwiftPackageReference section */

/* Begin XCSwiftPackageProductDependency section */
		6F9ACA132C42554600283242 /* DGCharts */ = {
			isa = XCSwiftPackageProductDependency;
			package = 6F9ACA122C42554600283242 /* XCRemoteSwiftPackageReference "Charts" */;
			productName = DGCharts;
		};
		6FEB37FF2C3E7E7B007C03FE /* FirebaseAnalytics */ = {
			isa = XCSwiftPackageProductDependency;
			package = 6FEB37FE2C3E7E7B007C03FE /* XCRemoteSwiftPackageReference "firebase-ios-sdk" */;
			productName = FirebaseAnalytics;
		};
		6FEB38012C3E7E7B007C03FE /* FirebaseAnalyticsOnDeviceConversion */ = {
			isa = XCSwiftPackageProductDependency;
			package = 6FEB37FE2C3E7E7B007C03FE /* XCRemoteSwiftPackageReference "firebase-ios-sdk" */;
			productName = FirebaseAnalyticsOnDeviceConversion;
		};
		6FEB38032C3E7E7B007C03FE /* FirebaseAnalyticsSwift */ = {
			isa = XCSwiftPackageProductDependency;
			package = 6FEB37FE2C3E7E7B007C03FE /* XCRemoteSwiftPackageReference "firebase-ios-sdk" */;
			productName = FirebaseAnalyticsSwift;
		};
		6FEB38052C3E7E7B007C03FE /* FirebaseAnalyticsWithoutAdIdSupport */ = {
			isa = XCSwiftPackageProductDependency;
			package = 6FEB37FE2C3E7E7B007C03FE /* XCRemoteSwiftPackageReference "firebase-ios-sdk" */;
			productName = FirebaseAnalyticsWithoutAdIdSupport;
		};
		6FEB38072C3E7E7B007C03FE /* FirebaseAppCheck */ = {
			isa = XCSwiftPackageProductDependency;
			package = 6FEB37FE2C3E7E7B007C03FE /* XCRemoteSwiftPackageReference "firebase-ios-sdk" */;
			productName = FirebaseAppCheck;
		};
		6FEB38092C3E7E7B007C03FE /* FirebaseAppDistribution-Beta */ = {
			isa = XCSwiftPackageProductDependency;
			package = 6FEB37FE2C3E7E7B007C03FE /* XCRemoteSwiftPackageReference "firebase-ios-sdk" */;
			productName = "FirebaseAppDistribution-Beta";
		};
		6FEB380B2C3E7E7B007C03FE /* FirebaseAuth */ = {
			isa = XCSwiftPackageProductDependency;
			package = 6FEB37FE2C3E7E7B007C03FE /* XCRemoteSwiftPackageReference "firebase-ios-sdk" */;
			productName = FirebaseAuth;
		};
		6FEB380D2C3E7E7B007C03FE /* FirebaseAuthCombine-Community */ = {
			isa = XCSwiftPackageProductDependency;
			package = 6FEB37FE2C3E7E7B007C03FE /* XCRemoteSwiftPackageReference "firebase-ios-sdk" */;
			productName = "FirebaseAuthCombine-Community";
		};
		6FEB380F2C3E7E7B007C03FE /* FirebaseCrashlytics */ = {
			isa = XCSwiftPackageProductDependency;
			package = 6FEB37FE2C3E7E7B007C03FE /* XCRemoteSwiftPackageReference "firebase-ios-sdk" */;
			productName = FirebaseCrashlytics;
		};
		6FEB38112C3E7E7B007C03FE /* FirebaseDatabase */ = {
			isa = XCSwiftPackageProductDependency;
			package = 6FEB37FE2C3E7E7B007C03FE /* XCRemoteSwiftPackageReference "firebase-ios-sdk" */;
			productName = FirebaseDatabase;
		};
		6FEB38132C3E7E7B007C03FE /* FirebaseDatabaseSwift */ = {
			isa = XCSwiftPackageProductDependency;
			package = 6FEB37FE2C3E7E7B007C03FE /* XCRemoteSwiftPackageReference "firebase-ios-sdk" */;
			productName = FirebaseDatabaseSwift;
		};
		6FEB38152C3E7E7B007C03FE /* FirebaseDynamicLinks */ = {
			isa = XCSwiftPackageProductDependency;
			package = 6FEB37FE2C3E7E7B007C03FE /* XCRemoteSwiftPackageReference "firebase-ios-sdk" */;
			productName = FirebaseDynamicLinks;
		};
		6FEB38172C3E7E7B007C03FE /* FirebaseFirestore */ = {
			isa = XCSwiftPackageProductDependency;
			package = 6FEB37FE2C3E7E7B007C03FE /* XCRemoteSwiftPackageReference "firebase-ios-sdk" */;
			productName = FirebaseFirestore;
		};
		6FEB38192C3E7E7B007C03FE /* FirebaseFirestoreCombine-Community */ = {
			isa = XCSwiftPackageProductDependency;
			package = 6FEB37FE2C3E7E7B007C03FE /* XCRemoteSwiftPackageReference "firebase-ios-sdk" */;
			productName = "FirebaseFirestoreCombine-Community";
		};
		6FEB381B2C3E7E7B007C03FE /* FirebaseFirestoreSwift */ = {
			isa = XCSwiftPackageProductDependency;
			package = 6FEB37FE2C3E7E7B007C03FE /* XCRemoteSwiftPackageReference "firebase-ios-sdk" */;
			productName = FirebaseFirestoreSwift;
		};
		6FEB381D2C3E7E7B007C03FE /* FirebaseFunctions */ = {
			isa = XCSwiftPackageProductDependency;
			package = 6FEB37FE2C3E7E7B007C03FE /* XCRemoteSwiftPackageReference "firebase-ios-sdk" */;
			productName = FirebaseFunctions;
		};
		6FEB381F2C3E7E7B007C03FE /* FirebaseFunctionsCombine-Community */ = {
			isa = XCSwiftPackageProductDependency;
			package = 6FEB37FE2C3E7E7B007C03FE /* XCRemoteSwiftPackageReference "firebase-ios-sdk" */;
			productName = "FirebaseFunctionsCombine-Community";
		};
		6FEB38212C3E7E7B007C03FE /* FirebaseInAppMessaging-Beta */ = {
			isa = XCSwiftPackageProductDependency;
			package = 6FEB37FE2C3E7E7B007C03FE /* XCRemoteSwiftPackageReference "firebase-ios-sdk" */;
			productName = "FirebaseInAppMessaging-Beta";
		};
		6FEB38232C3E7E7B007C03FE /* FirebaseInAppMessagingSwift-Beta */ = {
			isa = XCSwiftPackageProductDependency;
			package = 6FEB37FE2C3E7E7B007C03FE /* XCRemoteSwiftPackageReference "firebase-ios-sdk" */;
			productName = "FirebaseInAppMessagingSwift-Beta";
		};
		6FEB38252C3E7E7B007C03FE /* FirebaseInstallations */ = {
			isa = XCSwiftPackageProductDependency;
			package = 6FEB37FE2C3E7E7B007C03FE /* XCRemoteSwiftPackageReference "firebase-ios-sdk" */;
			productName = FirebaseInstallations;
		};
		6FEB38272C3E7E7B007C03FE /* FirebaseMLModelDownloader */ = {
			isa = XCSwiftPackageProductDependency;
			package = 6FEB37FE2C3E7E7B007C03FE /* XCRemoteSwiftPackageReference "firebase-ios-sdk" */;
			productName = FirebaseMLModelDownloader;
		};
		6FEB38292C3E7E7B007C03FE /* FirebaseMessaging */ = {
			isa = XCSwiftPackageProductDependency;
			package = 6FEB37FE2C3E7E7B007C03FE /* XCRemoteSwiftPackageReference "firebase-ios-sdk" */;
			productName = FirebaseMessaging;
		};
		6FEB382B2C3E7E7B007C03FE /* FirebasePerformance */ = {
			isa = XCSwiftPackageProductDependency;
			package = 6FEB37FE2C3E7E7B007C03FE /* XCRemoteSwiftPackageReference "firebase-ios-sdk" */;
			productName = FirebasePerformance;
		};
		6FEB382D2C3E7E7B007C03FE /* FirebaseRemoteConfig */ = {
			isa = XCSwiftPackageProductDependency;
			package = 6FEB37FE2C3E7E7B007C03FE /* XCRemoteSwiftPackageReference "firebase-ios-sdk" */;
			productName = FirebaseRemoteConfig;
		};
		6FEB382F2C3E7E7B007C03FE /* FirebaseRemoteConfigSwift */ = {
			isa = XCSwiftPackageProductDependency;
			package = 6FEB37FE2C3E7E7B007C03FE /* XCRemoteSwiftPackageReference "firebase-ios-sdk" */;
			productName = FirebaseRemoteConfigSwift;
		};
		6FEB38312C3E7E7B007C03FE /* FirebaseStorage */ = {
			isa = XCSwiftPackageProductDependency;
			package = 6FEB37FE2C3E7E7B007C03FE /* XCRemoteSwiftPackageReference "firebase-ios-sdk" */;
			productName = FirebaseStorage;
		};
		6FEB38332C3E7E7B007C03FE /* FirebaseStorageCombine-Community */ = {
			isa = XCSwiftPackageProductDependency;
			package = 6FEB37FE2C3E7E7B007C03FE /* XCRemoteSwiftPackageReference "firebase-ios-sdk" */;
			productName = "FirebaseStorageCombine-Community";
		};
		6FEB38352C3E7E7B007C03FE /* FirebaseVertexAI-Preview */ = {
			isa = XCSwiftPackageProductDependency;
			package = 6FEB37FE2C3E7E7B007C03FE /* XCRemoteSwiftPackageReference "firebase-ios-sdk" */;
			productName = "FirebaseVertexAI-Preview";
		};
/* End XCSwiftPackageProductDependency section */

/* Begin XCVersionGroup section */
		6F562D552C34D9870083ACE3 /* NomikStockTW.xcdatamodeld */ = {
			isa = XCVersionGroup;
			children = (
				6F562D562C34D9870083ACE3 /* NomikStockTW.xcdatamodel */,
			);
			currentVersion = 6F562D562C34D9870083ACE3 /* NomikStockTW.xcdatamodel */;
			path = NomikStockTW.xcdatamodeld;
			sourceTree = "<group>";
			versionGroupType = wrapper.xcdatamodel;
		};
/* End XCVersionGroup section */
	};
	rootObject = 6F562D412C34D9870083ACE3 /* Project object */;
}
