// !$*UTF8*$!
{
	archiveVersion = 1;
	classes = {
	};
	objectVersion = 60;
	objects = {

/* Begin PBXBuildFile section */
		6F562D4D2C34D9870083ACE3 /* AppDelegate.swift in Sources */ = {isa = PBXBuildFile; fileRef = 6F562D4C2C34D9870083ACE3 /* AppDelegate.swift */; };
		6F562D4F2C34D9870083ACE3 /* SceneDelegate.swift in Sources */ = {isa = PBXBuildFile; fileRef = 6F562D4E2C34D9870083ACE3 /* SceneDelegate.swift */; };
		6F562D512C34D9870083ACE3 /* HomeViewController.swift in Sources */ = {isa = PBXBuildFile; fileRef = 6F562D502C34D9870083ACE3 /* HomeViewController.swift */; };
		6F562D572C34D9870083ACE3 /* NomikStockTW.xcdatamodeld in Sources */ = {isa = PBXBuildFile; fileRef = 6F562D552C34D9870083ACE3 /* NomikStockTW.xcdatamodeld */; };
		6F562D592C34D9880083ACE3 /* Assets.xcassets in Resources */ = {isa = PBXBuildFile; fileRef = 6F562D582C34D9880083ACE3 /* Assets.xcassets */; };
		6F562D5C2C34D9880083ACE3 /* Base in Resources */ = {isa = PBXBuildFile; fileRef = 6F562D5B2C34D9880083ACE3 /* Base */; };
		6F562D672C34D9890083ACE3 /* NomikStockTWTests.swift in Sources */ = {isa = PBXBuildFile; fileRef = 6F562D662C34D9890083ACE3 /* NomikStockTWTests.swift */; };
		6F562D712C34D9890083ACE3 /* NomikStockTWUITests.swift in Sources */ = {isa = PBXBuildFile; fileRef = 6F562D702C34D9890083ACE3 /* NomikStockTWUITests.swift */; };
		6F562D732C34D9890083ACE3 /* NomikStockTWUITestsLaunchTests.swift in Sources */ = {isa = PBXBuildFile; fileRef = 6F562D722C34D9890083ACE3 /* NomikStockTWUITestsLaunchTests.swift */; };
		6F562D882C34DBD20083ACE3 /* APIConstants.swift in Sources */ = {isa = PBXBuildFile; fileRef = 6F562D872C34DBD20083ACE3 /* APIConstants.swift */; };
		6F562D8A2C34DD9C0083ACE3 /* APIService.swift in Sources */ = {isa = PBXBuildFile; fileRef = 6F562D892C34DD9C0083ACE3 /* APIService.swift */; };
		6F562D8C2C34DE610083ACE3 /* TabbarViewController.swift in Sources */ = {isa = PBXBuildFile; fileRef = 6F562D8B2C34DE610083ACE3 /* TabbarViewController.swift */; };
		6F562D8E2C34DF080083ACE3 /* FavorateViewController.swift in Sources */ = {isa = PBXBuildFile; fileRef = 6F562D8D2C34DF080083ACE3 /* FavorateViewController.swift */; };
/* End PBXBuildFile section */

/* Begin PBXContainerItemProxy section */
		6F562D632C34D9890083ACE3 /* PBXContainerItemProxy */ = {
			isa = PBXContainerItemProxy;
			containerPortal = 6F562D412C34D9870083ACE3 /* Project object */;
			proxyType = 1;
			remoteGlobalIDString = 6F562D482C34D9870083ACE3;
			remoteInfo = NomikStockTW;
		};
		6F562D6D2C34D9890083ACE3 /* PBXContainerItemProxy */ = {
			isa = PBXContainerItemProxy;
			containerPortal = 6F562D412C34D9870083ACE3 /* Project object */;
			proxyType = 1;
			remoteGlobalIDString = 6F562D482C34D9870083ACE3;
			remoteInfo = NomikStockTW;
		};
/* End PBXContainerItemProxy section */

/* Begin PBXFileReference section */
		6F562D492C34D9870083ACE3 /* NomikStockTW.app */ = {isa = PBXFileReference; explicitFileType = wrapper.application; includeInIndex = 0; path = NomikStockTW.app; sourceTree = BUILT_PRODUCTS_DIR; };
		6F562D4C2C34D9870083ACE3 /* AppDelegate.swift */ = {isa = PBXFileReference; lastKnownFileType = sourcecode.swift; path = AppDelegate.swift; sourceTree = "<group>"; };
		6F562D4E2C34D9870083ACE3 /* SceneDelegate.swift */ = {isa = PBXFileReference; lastKnownFileType = sourcecode.swift; path = SceneDelegate.swift; sourceTree = "<group>"; };
		6F562D502C34D9870083ACE3 /* HomeViewController.swift */ = {isa = PBXFileReference; lastKnownFileType = sourcecode.swift; path = HomeViewController.swift; sourceTree = "<group>"; };
		6F562D562C34D9870083ACE3 /* NomikStockTW.xcdatamodel */ = {isa = PBXFileReference; lastKnownFileType = wrapper.xcdatamodel; path = NomikStockTW.xcdatamodel; sourceTree = "<group>"; };
		6F562D582C34D9880083ACE3 /* Assets.xcassets */ = {isa = PBXFileReference; lastKnownFileType = folder.assetcatalog; path = Assets.xcassets; sourceTree = "<group>"; };
		6F562D5B2C34D9880083ACE3 /* Base */ = {isa = PBXFileReference; lastKnownFileType = file.storyboard; name = Base; path = Base.lproj/LaunchScreen.storyboard; sourceTree = "<group>"; };
		6F562D5D2C34D9880083ACE3 /* Info.plist */ = {isa = PBXFileReference; lastKnownFileType = text.plist.xml; path = Info.plist; sourceTree = "<group>"; };
		6F562D622C34D9890083ACE3 /* NomikStockTWTests.xctest */ = {isa = PBXFileReference; explicitFileType = wrapper.cfbundle; includeInIndex = 0; path = NomikStockTWTests.xctest; sourceTree = BUILT_PRODUCTS_DIR; };
		6F562D662C34D9890083ACE3 /* NomikStockTWTests.swift */ = {isa = PBXFileReference; lastKnownFileType = sourcecode.swift; path = NomikStockTWTests.swift; sourceTree = "<group>"; };
		6F562D6C2C34D9890083ACE3 /* NomikStockTWUITests.xctest */ = {isa = PBXFileReference; explicitFileType = wrapper.cfbundle; includeInIndex = 0; path = NomikStockTWUITests.xctest; sourceTree = BUILT_PRODUCTS_DIR; };
		6F562D702C34D9890083ACE3 /* NomikStockTWUITests.swift */ = {isa = PBXFileReference; lastKnownFileType = sourcecode.swift; path = NomikStockTWUITests.swift; sourceTree = "<group>"; };
		6F562D722C34D9890083ACE3 /* NomikStockTWUITestsLaunchTests.swift */ = {isa = PBXFileReference; lastKnownFileType = sourcecode.swift; path = NomikStockTWUITestsLaunchTests.swift; sourceTree = "<group>"; };
		6F562D872C34DBD20083ACE3 /* APIConstants.swift */ = {isa = PBXFileReference; lastKnownFileType = sourcecode.swift; path = APIConstants.swift; sourceTree = "<group>"; };
		6F562D892C34DD9C0083ACE3 /* APIService.swift */ = {isa = PBXFileReference; lastKnownFileType = sourcecode.swift; path = APIService.swift; sourceTree = "<group>"; };
		6F562D8B2C34DE610083ACE3 /* TabbarViewController.swift */ = {isa = PBXFileReference; lastKnownFileType = sourcecode.swift; path = TabbarViewController.swift; sourceTree = "<group>"; };
		6F562D8D2C34DF080083ACE3 /* FavorateViewController.swift */ = {isa = PBXFileReference; lastKnownFileType = sourcecode.swift; path = FavorateViewController.swift; sourceTree = "<group>"; };
/* End PBXFileReference section */

/* Begin PBXFrameworksBuildPhase section */
		6F562D462C34D9870083ACE3 /* Frameworks */ = {
			isa = PBXFrameworksBuildPhase;
			buildActionMask = 2147483647;
			files = (
			);
			runOnlyForDeploymentPostprocessing = 0;
		};
		6F562D5F2C34D9890083ACE3 /* Frameworks */ = {
			isa = PBXFrameworksBuildPhase;
			buildActionMask = 2147483647;
			files = (
			);
			runOnlyForDeploymentPostprocessing = 0;
		};
		6F562D692C34D9890083ACE3 /* Frameworks */ = {
			isa = PBXFrameworksBuildPhase;
			buildActionMask = 2147483647;
			files = (
			);
			runOnlyForDeploymentPostprocessing = 0;
		};
/* End PBXFrameworksBuildPhase section */

/* Begin PBXGroup section */
		6F562D402C34D9870083ACE3 = {
			isa = PBXGroup;
			children = (
				6F562D4B2C34D9870083ACE3 /* NomikStockTW */,
				6F562D652C34D9890083ACE3 /* NomikStockTWTests */,
				6F562D6F2C34D9890083ACE3 /* NomikStockTWUITests */,
				6F562D4A2C34D9870083ACE3 /* Products */,
			);
			sourceTree = "<group>";
		};
		6F562D4A2C34D9870083ACE3 /* Products */ = {
			isa = PBXGroup;
			children = (
				6F562D492C34D9870083ACE3 /* NomikStockTW.app */,
				6F562D622C34D9890083ACE3 /* NomikStockTWTests.xctest */,
				6F562D6C2C34D9890083ACE3 /* NomikStockTWUITests.xctest */,
			);
			name = Products;
			sourceTree = "<group>";
		};
		6F562D4B2C34D9870083ACE3 /* NomikStockTW */ = {
			isa = PBXGroup;
			children = (
				6F562D7F2C34DA790083ACE3 /* Resources */,
				6F562D842C34DAFD0083ACE3 /* Networking */,
				6F562D832C34DAEB0083ACE3 /* ViewModels */,
				6F562D822C34DAE50083ACE3 /* Views */,
				6F562D812C34DAD90083ACE3 /* Models */,
				6F562D802C34DAA50083ACE3 /* Controllers */,
				6F562D5D2C34D9880083ACE3 /* Info.plist */,
				6F562D552C34D9870083ACE3 /* NomikStockTW.xcdatamodeld */,
			);
			path = NomikStockTW;
			sourceTree = "<group>";
		};
		6F562D652C34D9890083ACE3 /* NomikStockTWTests */ = {
			isa = PBXGroup;
			children = (
				6F562D662C34D9890083ACE3 /* NomikStockTWTests.swift */,
			);
			path = NomikStockTWTests;
			sourceTree = "<group>";
		};
		6F562D6F2C34D9890083ACE3 /* NomikStockTWUITests */ = {
			isa = PBXGroup;
			children = (
				6F562D702C34D9890083ACE3 /* NomikStockTWUITests.swift */,
				6F562D722C34D9890083ACE3 /* NomikStockTWUITestsLaunchTests.swift */,
			);
			path = NomikStockTWUITests;
			sourceTree = "<group>";
		};
		6F562D7F2C34DA790083ACE3 /* Resources */ = {
			isa = PBXGroup;
			children = (
				6F562D4C2C34D9870083ACE3 /* AppDelegate.swift */,
				6F562D4E2C34D9870083ACE3 /* SceneDelegate.swift */,
				6F562D582C34D9880083ACE3 /* Assets.xcassets */,
				6F562D5A2C34D9880083ACE3 /* LaunchScreen.storyboard */,
			);
			path = Resources;
			sourceTree = "<group>";
		};
		6F562D802C34DAA50083ACE3 /* Controllers */ = {
			isa = PBXGroup;
			children = (
				6F562D8B2C34DE610083ACE3 /* TabbarViewController.swift */,
				6F562D502C34D9870083ACE3 /* HomeViewController.swift */,
				6F562D8D2C34DF080083ACE3 /* FavorateViewController.swift */,
			);
			path = Controllers;
			sourceTree = "<group>";
		};
		6F562D812C34DAD90083ACE3 /* Models */ = {
			isa = PBXGroup;
			children = (
			);
			path = Models;
			sourceTree = "<group>";
		};
		6F562D822C34DAE50083ACE3 /* Views */ = {
			isa = PBXGroup;
			children = (
			);
			path = Views;
			sourceTree = "<group>";
		};
		6F562D832C34DAEB0083ACE3 /* ViewModels */ = {
			isa = PBXGroup;
			children = (
			);
			path = ViewModels;
			sourceTree = "<group>";
		};
		6F562D842C34DAFD0083ACE3 /* Networking */ = {
			isa = PBXGroup;
			children = (
				6F562D872C34DBD20083ACE3 /* APIConstants.swift */,
				6F562D892C34DD9C0083ACE3 /* APIService.swift */,
			);
			path = Networking;
			sourceTree = "<group>";
		};
/* End PBXGroup section */

/* Begin PBXNativeTarget section */
		6F562D482C34D9870083ACE3 /* NomikStockTW */ = {
			isa = PBXNativeTarget;
			buildConfigurationList = 6F562D762C34D9890083ACE3 /* Build configuration list for PBXNativeTarget "NomikStockTW" */;
			buildPhases = (
				6F562D452C34D9870083ACE3 /* Sources */,
				6F562D462C34D9870083ACE3 /* Frameworks */,
				6F562D472C34D9870083ACE3 /* Resources */,
			);
			buildRules = (
			);
			dependencies = (
			);
			name = NomikStockTW;
			productName = NomikStockTW;
			productReference = 6F562D492C34D9870083ACE3 /* NomikStockTW.app */;
			productType = "com.apple.product-type.application";
		};
		6F562D612C34D9890083ACE3 /* NomikStockTWTests */ = {
			isa = PBXNativeTarget;
			buildConfigurationList = 6F562D792C34D9890083ACE3 /* Build configuration list for PBXNativeTarget "NomikStockTWTests" */;
			buildPhases = (
				6F562D5E2C34D9890083ACE3 /* Sources */,
				6F562D5F2C34D9890083ACE3 /* Frameworks */,
				6F562D602C34D9890083ACE3 /* Resources */,
			);
			buildRules = (
			);
			dependencies = (
				6F562D642C34D9890083ACE3 /* PBXTargetDependency */,
			);
			name = NomikStockTWTests;
			productName = NomikStockTWTests;
			productReference = 6F562D622C34D9890083ACE3 /* NomikStockTWTests.xctest */;
			productType = "com.apple.product-type.bundle.unit-test";
		};
		6F562D6B2C34D9890083ACE3 /* NomikStockTWUITests */ = {
			isa = PBXNativeTarget;
			buildConfigurationList = 6F562D7C2C34D9890083ACE3 /* Build configuration list for PBXNativeTarget "NomikStockTWUITests" */;
			buildPhases = (
				6F562D682C34D9890083ACE3 /* Sources */,
				6F562D692C34D9890083ACE3 /* Frameworks */,
				6F562D6A2C34D9890083ACE3 /* Resources */,
			);
			buildRules = (
			);
			dependencies = (
				6F562D6E2C34D9890083ACE3 /* PBXTargetDependency */,
			);
			name = NomikStockTWUITests;
			productName = NomikStockTWUITests;
			productReference = 6F562D6C2C34D9890083ACE3 /* NomikStockTWUITests.xctest */;
			productType = "com.apple.product-type.bundle.ui-testing";
		};
/* End PBXNativeTarget section */

/* Begin PBXProject section */
		6F562D412C34D9870083ACE3 /* Project object */ = {
			isa = PBXProject;
			attributes = {
				BuildIndependentTargetsInParallel = 1;
				LastSwiftUpdateCheck = 1600;
				LastUpgradeCheck = 1600;
				TargetAttributes = {
					6F562D482C34D9870083ACE3 = {
						CreatedOnToolsVersion = 16.0;
					};
					6F562D612C34D9890083ACE3 = {
						CreatedOnToolsVersion = 16.0;
						TestTargetID = 6F562D482C34D9870083ACE3;
					};
					6F562D6B2C34D9890083ACE3 = {
						CreatedOnToolsVersion = 16.0;
						TestTargetID = 6F562D482C34D9870083ACE3;
					};
				};
			};
			buildConfigurationList = 6F562D442C34D9870083ACE3 /* Build configuration list for PBXProject "NomikStockTW" */;
			compatibilityVersion = "Xcode 15.0";
			developmentRegion = en;
			hasScannedForEncodings = 0;
			knownRegions = (
				en,
				Base,
			);
			mainGroup = 6F562D402C34D9870083ACE3;
			productRefGroup = 6F562D4A2C34D9870083ACE3 /* Products */;
			projectDirPath = "";
			projectRoot = "";
			targets = (
				6F562D482C34D9870083ACE3 /* NomikStockTW */,
				6F562D612C34D9890083ACE3 /* NomikStockTWTests */,
				6F562D6B2C34D9890083ACE3 /* NomikStockTWUITests */,
			);
		};
/* End PBXProject section */

/* Begin PBXResourcesBuildPhase section */
		6F562D472C34D9870083ACE3 /* Resources */ = {
			isa = PBXResourcesBuildPhase;
			buildActionMask = 2147483647;
			files = (
				6F562D592C34D9880083ACE3 /* Assets.xcassets in Resources */,
				6F562D5C2C34D9880083ACE3 /* Base in Resources */,
			);
			runOnlyForDeploymentPostprocessing = 0;
		};
		6F562D602C34D9890083ACE3 /* Resources */ = {
			isa = PBXResourcesBuildPhase;
			buildActionMask = 2147483647;
			files = (
			);
			runOnlyForDeploymentPostprocessing = 0;
		};
		6F562D6A2C34D9890083ACE3 /* Resources */ = {
			isa = PBXResourcesBuildPhase;
			buildActionMask = 2147483647;
			files = (
			);
			runOnlyForDeploymentPostprocessing = 0;
		};
/* End PBXResourcesBuildPhase section */

/* Begin PBXSourcesBuildPhase section */
		6F562D452C34D9870083ACE3 /* Sources */ = {
			isa = PBXSourcesBuildPhase;
			buildActionMask = 2147483647;
			files = (
				6F562D512C34D9870083ACE3 /* HomeViewController.swift in Sources */,
				6F562D4D2C34D9870083ACE3 /* AppDelegate.swift in Sources */,
				6F562D8C2C34DE610083ACE3 /* TabbarViewController.swift in Sources */,
				6F562D572C34D9870083ACE3 /* NomikStockTW.xcdatamodeld in Sources */,
				6F562D882C34DBD20083ACE3 /* APIConstants.swift in Sources */,
				6F562D8A2C34DD9C0083ACE3 /* APIService.swift in Sources */,
				6F562D8E2C34DF080083ACE3 /* FavorateViewController.swift in Sources */,
				6F562D4F2C34D9870083ACE3 /* SceneDelegate.swift in Sources */,
			);
			runOnlyForDeploymentPostprocessing = 0;
		};
		6F562D5E2C34D9890083ACE3 /* Sources */ = {
			isa = PBXSourcesBuildPhase;
			buildActionMask = 2147483647;
			files = (
				6F562D672C34D9890083ACE3 /* NomikStockTWTests.swift in Sources */,
			);
			runOnlyForDeploymentPostprocessing = 0;
		};
		6F562D682C34D9890083ACE3 /* Sources */ = {
			isa = PBXSourcesBuildPhase;
			buildActionMask = 2147483647;
			files = (
				6F562D712C34D9890083ACE3 /* NomikStockTWUITests.swift in Sources */,
				6F562D732C34D9890083ACE3 /* NomikStockTWUITestsLaunchTests.swift in Sources */,
			);
			runOnlyForDeploymentPostprocessing = 0;
		};
/* End PBXSourcesBuildPhase section */

/* Begin PBXTargetDependency section */
		6F562D642C34D9890083ACE3 /* PBXTargetDependency */ = {
			isa = PBXTargetDependency;
			target = 6F562D482C34D9870083ACE3 /* NomikStockTW */;
			targetProxy = 6F562D632C34D9890083ACE3 /* PBXContainerItemProxy */;
		};
		6F562D6E2C34D9890083ACE3 /* PBXTargetDependency */ = {
			isa = PBXTargetDependency;
			target = 6F562D482C34D9870083ACE3 /* NomikStockTW */;
			targetProxy = 6F562D6D2C34D9890083ACE3 /* PBXContainerItemProxy */;
		};
/* End PBXTargetDependency section */

/* Begin PBXVariantGroup section */
		6F562D5A2C34D9880083ACE3 /* LaunchScreen.storyboard */ = {
			isa = PBXVariantGroup;
			children = (
				6F562D5B2C34D9880083ACE3 /* Base */,
			);
			name = LaunchScreen.storyboard;
			sourceTree = "<group>";
		};
/* End PBXVariantGroup section */

/* Begin XCBuildConfiguration section */
		6F562D742C34D9890083ACE3 /* Debug */ = {
			isa = XCBuildConfiguration;
			buildSettings = {
				ALWAYS_SEARCH_USER_PATHS = NO;
				ASSETCATALOG_COMPILER_GENERATE_SWIFT_ASSET_SYMBOL_EXTENSIONS = YES;
				CLANG_ANALYZER_NONNULL = YES;
				CLANG_ANALYZER_NUMBER_OBJECT_CONVERSION = YES_AGGRESSIVE;
				CLANG_CXX_LANGUAGE_STANDARD = "gnu++20";
				CLANG_ENABLE_MODULES = YES;
				CLANG_ENABLE_OBJC_ARC = YES;
				CLANG_ENABLE_OBJC_WEAK = YES;
				CLANG_WARN_BLOCK_CAPTURE_AUTORELEASING = YES;
				CLANG_WARN_BOOL_CONVERSION = YES;
				CLANG_WARN_COMMA = YES;
				CLANG_WARN_CONSTANT_CONVERSION = YES;
				CLANG_WARN_DEPRECATED_OBJC_IMPLEMENTATIONS = YES;
				CLANG_WARN_DIRECT_OBJC_ISA_USAGE = YES_ERROR;
				CLANG_WARN_DOCUMENTATION_COMMENTS = YES;
				CLANG_WARN_EMPTY_BODY = YES;
				CLANG_WARN_ENUM_CONVERSION = YES;
				CLANG_WARN_INFINITE_RECURSION = YES;
				CLANG_WARN_INT_CONVERSION = YES;
				CLANG_WARN_NON_LITERAL_NULL_CONVERSION = YES;
				CLANG_WARN_OBJC_IMPLICIT_RETAIN_SELF = YES;
				CLANG_WARN_OBJC_LITERAL_CONVERSION = YES;
				CLANG_WARN_OBJC_ROOT_CLASS = YES_ERROR;
				CLANG_WARN_QUOTED_INCLUDE_IN_FRAMEWORK_HEADER = YES;
				CLANG_WARN_RANGE_LOOP_ANALYSIS = YES;
				CLANG_WARN_STRICT_PROTOTYPES = YES;
				CLANG_WARN_SUSPICIOUS_MOVE = YES;
				CLANG_WARN_UNGUARDED_AVAILABILITY = YES_AGGRESSIVE;
				CLANG_WARN_UNREACHABLE_CODE = YES;
				CLANG_WARN__DUPLICATE_METHOD_MATCH = YES;
				COPY_PHASE_STRIP = NO;
				DEBUG_INFORMATION_FORMAT = dwarf;
				ENABLE_STRICT_OBJC_MSGSEND = YES;
				ENABLE_TESTABILITY = YES;
				ENABLE_USER_SCRIPT_SANDBOXING = YES;
				GCC_C_LANGUAGE_STANDARD = gnu17;
				GCC_DYNAMIC_NO_PIC = NO;
				GCC_NO_COMMON_BLOCKS = YES;
				GCC_OPTIMIZATION_LEVEL = 0;
				GCC_PREPROCESSOR_DEFINITIONS = (
					"DEBUG=1",
					"$(inherited)",
				);
				GCC_WARN_64_TO_32_BIT_CONVERSION = YES;
				GCC_WARN_ABOUT_RETURN_TYPE = YES_ERROR;
				GCC_WARN_UNDECLARED_SELECTOR = YES;
				GCC_WARN_UNINITIALIZED_AUTOS = YES_AGGRESSIVE;
				GCC_WARN_UNUSED_FUNCTION = YES;
				GCC_WARN_UNUSED_VARIABLE = YES;
				IPHONEOS_DEPLOYMENT_TARGET = 18.0;
				LOCALIZATION_PREFERS_STRING_CATALOGS = YES;
				MTL_ENABLE_DEBUG_INFO = INCLUDE_SOURCE;
				MTL_FAST_MATH = YES;
				ONLY_ACTIVE_ARCH = YES;
				SDKROOT = iphoneos;
				SWIFT_ACTIVE_COMPILATION_CONDITIONS = "DEBUG $(inherited)";
				SWIFT_OPTIMIZATION_LEVEL = "-Onone";
			};
			name = Debug;
		};
		6F562D752C34D9890083ACE3 /* Release */ = {
			isa = XCBuildConfiguration;
			buildSettings = {
				ALWAYS_SEARCH_USER_PATHS = NO;
				ASSETCATALOG_COMPILER_GENERATE_SWIFT_ASSET_SYMBOL_EXTENSIONS = YES;
				CLANG_ANALYZER_NONNULL = YES;
				CLANG_ANALYZER_NUMBER_OBJECT_CONVERSION = YES_AGGRESSIVE;
				CLANG_CXX_LANGUAGE_STANDARD = "gnu++20";
				CLANG_ENABLE_MODULES = YES;
				CLANG_ENABLE_OBJC_ARC = YES;
				CLANG_ENABLE_OBJC_WEAK = YES;
				CLANG_WARN_BLOCK_CAPTURE_AUTORELEASING = YES;
				CLANG_WARN_BOOL_CONVERSION = YES;
				CLANG_WARN_COMMA = YES;
				CLANG_WARN_CONSTANT_CONVERSION = YES;
				CLANG_WARN_DEPRECATED_OBJC_IMPLEMENTATIONS = YES;
				CLANG_WARN_DIRECT_OBJC_ISA_USAGE = YES_ERROR;
				CLANG_WARN_DOCUMENTATION_COMMENTS = YES;
				CLANG_WARN_EMPTY_BODY = YES;
				CLANG_WARN_ENUM_CONVERSION = YES;
				CLANG_WARN_INFINITE_RECURSION = YES;
				CLANG_WARN_INT_CONVERSION = YES;
				CLANG_WARN_NON_LITERAL_NULL_CONVERSION = YES;
				CLANG_WARN_OBJC_IMPLICIT_RETAIN_SELF = YES;
				CLANG_WARN_OBJC_LITERAL_CONVERSION = YES;
				CLANG_WARN_OBJC_ROOT_CLASS = YES_ERROR;
				CLANG_WARN_QUOTED_INCLUDE_IN_FRAMEWORK_HEADER = YES;
				CLANG_WARN_RANGE_LOOP_ANALYSIS = YES;
				CLANG_WARN_STRICT_PROTOTYPES = YES;
				CLANG_WARN_SUSPICIOUS_MOVE = YES;
				CLANG_WARN_UNGUARDED_AVAILABILITY = YES_AGGRESSIVE;
				CLANG_WARN_UNREACHABLE_CODE = YES;
				CLANG_WARN__DUPLICATE_METHOD_MATCH = YES;
				COPY_PHASE_STRIP = NO;
				DEBUG_INFORMATION_FORMAT = "dwarf-with-dsym";
				ENABLE_NS_ASSERTIONS = NO;
				ENABLE_STRICT_OBJC_MSGSEND = YES;
				ENABLE_USER_SCRIPT_SANDBOXING = YES;
				GCC_C_LANGUAGE_STANDARD = gnu17;
				GCC_NO_COMMON_BLOCKS = YES;
				GCC_WARN_64_TO_32_BIT_CONVERSION = YES;
				GCC_WARN_ABOUT_RETURN_TYPE = YES_ERROR;
				GCC_WARN_UNDECLARED_SELECTOR = YES;
				GCC_WARN_UNINITIALIZED_AUTOS = YES_AGGRESSIVE;
				GCC_WARN_UNUSED_FUNCTION = YES;
				GCC_WARN_UNUSED_VARIABLE = YES;
				IPHONEOS_DEPLOYMENT_TARGET = 18.0;
				LOCALIZATION_PREFERS_STRING_CATALOGS = YES;
				MTL_ENABLE_DEBUG_INFO = NO;
				MTL_FAST_MATH = YES;
				SDKROOT = iphoneos;
				SWIFT_COMPILATION_MODE = wholemodule;
				VALIDATE_PRODUCT = YES;
			};
			name = Release;
		};
		6F562D772C34D9890083ACE3 /* Debug */ = {
			isa = XCBuildConfiguration;
			buildSettings = {
				ASSETCATALOG_COMPILER_APPICON_NAME = AppIcon;
				ASSETCATALOG_COMPILER_GLOBAL_ACCENT_COLOR_NAME = AccentColor;
				CODE_SIGN_STYLE = Automatic;
				CURRENT_PROJECT_VERSION = 1;
				DEVELOPMENT_TEAM = R47YA6WR5Y;
				GENERATE_INFOPLIST_FILE = YES;
				INFOPLIST_FILE = NomikStockTW/Info.plist;
				INFOPLIST_KEY_UIApplicationSupportsIndirectInputEvents = YES;
				INFOPLIST_KEY_UILaunchStoryboardName = LaunchScreen;
				INFOPLIST_KEY_UISupportedInterfaceOrientations = UIInterfaceOrientationPortrait;
				INFOPLIST_KEY_UISupportedInterfaceOrientations_iPad = "UIInterfaceOrientationPortrait UIInterfaceOrientationPortraitUpsideDown";
				LD_RUNPATH_SEARCH_PATHS = (
					"$(inherited)",
					"@executable_path/Frameworks",
				);
				MARKETING_VERSION = 1.0;
				PRODUCT_BUNDLE_IDENTIFIER = nomikPlan.NomikStockTW;
				PRODUCT_NAME = "$(TARGET_NAME)";
				SUPPORTED_PLATFORMS = "iphoneos iphonesimulator";
				SUPPORTS_MACCATALYST = NO;
				SUPPORTS_MAC_DESIGNED_FOR_IPHONE_IPAD = NO;
				SUPPORTS_XR_DESIGNED_FOR_IPHONE_IPAD = NO;
				SWIFT_EMIT_LOC_STRINGS = YES;
				SWIFT_VERSION = 5.0;
				TARGETED_DEVICE_FAMILY = "1,2";
			};
			name = Debug;
		};
		6F562D782C34D9890083ACE3 /* Release */ = {
			isa = XCBuildConfiguration;
			buildSettings = {
				ASSETCATALOG_COMPILER_APPICON_NAME = AppIcon;
				ASSETCATALOG_COMPILER_GLOBAL_ACCENT_COLOR_NAME = AccentColor;
				CODE_SIGN_STYLE = Automatic;
				CURRENT_PROJECT_VERSION = 1;
				DEVELOPMENT_TEAM = R47YA6WR5Y;
				GENERATE_INFOPLIST_FILE = YES;
				INFOPLIST_FILE = NomikStockTW/Info.plist;
				INFOPLIST_KEY_UIApplicationSupportsIndirectInputEvents = YES;
				INFOPLIST_KEY_UILaunchStoryboardName = LaunchScreen;
				INFOPLIST_KEY_UISupportedInterfaceOrientations = UIInterfaceOrientationPortrait;
				INFOPLIST_KEY_UISupportedInterfaceOrientations_iPad = "UIInterfaceOrientationPortrait UIInterfaceOrientationPortraitUpsideDown";
				LD_RUNPATH_SEARCH_PATHS = (
					"$(inherited)",
					"@executable_path/Frameworks",
				);
				MARKETING_VERSION = 1.0;
				PRODUCT_BUNDLE_IDENTIFIER = nomikPlan.NomikStockTW;
				PRODUCT_NAME = "$(TARGET_NAME)";
				SUPPORTED_PLATFORMS = "iphoneos iphonesimulator";
				SUPPORTS_MACCATALYST = NO;
				SUPPORTS_MAC_DESIGNED_FOR_IPHONE_IPAD = NO;
				SUPPORTS_XR_DESIGNED_FOR_IPHONE_IPAD = NO;
				SWIFT_EMIT_LOC_STRINGS = YES;
				SWIFT_VERSION = 5.0;
				TARGETED_DEVICE_FAMILY = "1,2";
			};
			name = Release;
		};
		6F562D7A2C34D9890083ACE3 /* Debug */ = {
			isa = XCBuildConfiguration;
			buildSettings = {
				BUNDLE_LOADER = "$(TEST_HOST)";
				CODE_SIGN_STYLE = Automatic;
				CURRENT_PROJECT_VERSION = 1;
				DEVELOPMENT_TEAM = R47YA6WR5Y;
				GENERATE_INFOPLIST_FILE = YES;
				IPHONEOS_DEPLOYMENT_TARGET = 18.0;
				MARKETING_VERSION = 1.0;
				PRODUCT_BUNDLE_IDENTIFIER = nomikPlan.NomikStockTWTests;
				PRODUCT_NAME = "$(TARGET_NAME)";
				SWIFT_EMIT_LOC_STRINGS = NO;
				SWIFT_VERSION = 5.0;
				TARGETED_DEVICE_FAMILY = "1,2";
				TEST_HOST = "$(BUILT_PRODUCTS_DIR)/NomikStockTW.app/$(BUNDLE_EXECUTABLE_FOLDER_PATH)/NomikStockTW";
			};
			name = Debug;
		};
		6F562D7B2C34D9890083ACE3 /* Release */ = {
			isa = XCBuildConfiguration;
			buildSettings = {
				BUNDLE_LOADER = "$(TEST_HOST)";
				CODE_SIGN_STYLE = Automatic;
				CURRENT_PROJECT_VERSION = 1;
				DEVELOPMENT_TEAM = R47YA6WR5Y;
				GENERATE_INFOPLIST_FILE = YES;
				IPHONEOS_DEPLOYMENT_TARGET = 18.0;
				MARKETING_VERSION = 1.0;
				PRODUCT_BUNDLE_IDENTIFIER = nomikPlan.NomikStockTWTests;
				PRODUCT_NAME = "$(TARGET_NAME)";
				SWIFT_EMIT_LOC_STRINGS = NO;
				SWIFT_VERSION = 5.0;
				TARGETED_DEVICE_FAMILY = "1,2";
				TEST_HOST = "$(BUILT_PRODUCTS_DIR)/NomikStockTW.app/$(BUNDLE_EXECUTABLE_FOLDER_PATH)/NomikStockTW";
			};
			name = Release;
		};
		6F562D7D2C34D9890083ACE3 /* Debug */ = {
			isa = XCBuildConfiguration;
			buildSettings = {
				CODE_SIGN_STYLE = Automatic;
				CURRENT_PROJECT_VERSION = 1;
				DEVELOPMENT_TEAM = R47YA6WR5Y;
				GENERATE_INFOPLIST_FILE = YES;
				MARKETING_VERSION = 1.0;
				PRODUCT_BUNDLE_IDENTIFIER = nomikPlan.NomikStockTWUITests;
				PRODUCT_NAME = "$(TARGET_NAME)";
				SWIFT_EMIT_LOC_STRINGS = NO;
				SWIFT_VERSION = 5.0;
				TARGETED_DEVICE_FAMILY = "1,2";
				TEST_TARGET_NAME = NomikStockTW;
			};
			name = Debug;
		};
		6F562D7E2C34D9890083ACE3 /* Release */ = {
			isa = XCBuildConfiguration;
			buildSettings = {
				CODE_SIGN_STYLE = Automatic;
				CURRENT_PROJECT_VERSION = 1;
				DEVELOPMENT_TEAM = R47YA6WR5Y;
				GENERATE_INFOPLIST_FILE = YES;
				MARKETING_VERSION = 1.0;
				PRODUCT_BUNDLE_IDENTIFIER = nomikPlan.NomikStockTWUITests;
				PRODUCT_NAME = "$(TARGET_NAME)";
				SWIFT_EMIT_LOC_STRINGS = NO;
				SWIFT_VERSION = 5.0;
				TARGETED_DEVICE_FAMILY = "1,2";
				TEST_TARGET_NAME = NomikStockTW;
			};
			name = Release;
		};
/* End XCBuildConfiguration section */

/* Begin XCConfigurationList section */
		6F562D442C34D9870083ACE3 /* Build configuration list for PBXProject "NomikStockTW" */ = {
			isa = XCConfigurationList;
			buildConfigurations = (
				6F562D742C34D9890083ACE3 /* Debug */,
				6F562D752C34D9890083ACE3 /* Release */,
			);
			defaultConfigurationIsVisible = 0;
			defaultConfigurationName = Release;
		};
		6F562D762C34D9890083ACE3 /* Build configuration list for PBXNativeTarget "NomikStockTW" */ = {
			isa = XCConfigurationList;
			buildConfigurations = (
				6F562D772C34D9890083ACE3 /* Debug */,
				6F562D782C34D9890083ACE3 /* Release */,
			);
			defaultConfigurationIsVisible = 0;
			defaultConfigurationName = Release;
		};
		6F562D792C34D9890083ACE3 /* Build configuration list for PBXNativeTarget "NomikStockTWTests" */ = {
			isa = XCConfigurationList;
			buildConfigurations = (
				6F562D7A2C34D9890083ACE3 /* Debug */,
				6F562D7B2C34D9890083ACE3 /* Release */,
			);
			defaultConfigurationIsVisible = 0;
			defaultConfigurationName = Release;
		};
		6F562D7C2C34D9890083ACE3 /* Build configuration list for PBXNativeTarget "NomikStockTWUITests" */ = {
			isa = XCConfigurationList;
			buildConfigurations = (
				6F562D7D2C34D9890083ACE3 /* Debug */,
				6F562D7E2C34D9890083ACE3 /* Release */,
			);
			defaultConfigurationIsVisible = 0;
			defaultConfigurationName = Release;
		};
/* End XCConfigurationList section */

/* Begin XCVersionGroup section */
		6F562D552C34D9870083ACE3 /* NomikStockTW.xcdatamodeld */ = {
			isa = XCVersionGroup;
			children = (
				6F562D562C34D9870083ACE3 /* NomikStockTW.xcdatamodel */,
			);
			currentVersion = 6F562D562C34D9870083ACE3 /* NomikStockTW.xcdatamodel */;
			path = NomikStockTW.xcdatamodeld;
			sourceTree = "<group>";
			versionGroupType = wrapper.xcdatamodel;
		};
/* End XCVersionGroup section */
	};
	rootObject = 6F562D412C34D9870083ACE3 /* Project object */;
}
